// !$*UTF8*$!
{
	archiveVersion = 1;
	classes = {
	};
	objectVersion = 46;
	objects = {

/* Begin PBXBuildFile section */
		614BF873DE06C9145043FE48 /* Pods_Rattit.framework in Frameworks */ = {isa = PBXBuildFile; fileRef = 0F361B6012D8EDE55A8FF743 /* Pods_Rattit.framework */; };
		6BBA130F33BF310813864C37 /* Pods_RattitTests.framework in Frameworks */ = {isa = PBXBuildFile; fileRef = D36E614ACE838E16C8F5D85C /* Pods_RattitTests.framework */; };
		85023FA21EF71E7600E785FD /* RattitUser.swift in Sources */ = {isa = PBXBuildFile; fileRef = 85023FA11EF71E7600E785FD /* RattitUser.swift */; };
		85023FA41EF71F2700E785FD /* DataModelConstants.swift in Sources */ = {isa = PBXBuildFile; fileRef = 85023FA31EF71F2700E785FD /* DataModelConstants.swift */; };
		85023FA71EF728D100E785FD /* MomentManager.swift in Sources */ = {isa = PBXBuildFile; fileRef = 85023FA61EF728D100E785FD /* MomentManager.swift */; };
		85023FA91EF72E2100E785FD /* NetworkConstants.swift in Sources */ = {isa = PBXBuildFile; fileRef = 85023FA81EF72E2100E785FD /* NetworkConstants.swift */; };
		85023FAC1EF76D4700E785FD /* StringExtensions.swift in Sources */ = {isa = PBXBuildFile; fileRef = 85023FAB1EF76D4700E785FD /* StringExtensions.swift */; };
		8502C5D11F34EFE5001117D0 /* ReusableGrowingTextView.swift in Sources */ = {isa = PBXBuildFile; fileRef = 8502C5D01F34EFE5001117D0 /* ReusableGrowingTextView.swift */; };
		8502C5D31F34FC40001117D0 /* ReusableGrowingTextInputBar.swift in Sources */ = {isa = PBXBuildFile; fileRef = 8502C5D21F34FC40001117D0 /* ReusableGrowingTextInputBar.swift */; };
		8502C5D71F3520EF001117D0 /* ReusableKeyboardObservingView.swift in Sources */ = {isa = PBXBuildFile; fileRef = 8502C5D61F3520EF001117D0 /* ReusableKeyboardObservingView.swift */; };
		8502C5D91F35230D001117D0 /* ReusableGrowingTextInputBarDelegate.swift in Sources */ = {isa = PBXBuildFile; fileRef = 8502C5D81F35230D001117D0 /* ReusableGrowingTextInputBarDelegate.swift */; };
		8502C5DB1F37E602001117D0 /* VoteForMoment.swift in Sources */ = {isa = PBXBuildFile; fileRef = 8502C5DA1F37E602001117D0 /* VoteForMoment.swift */; };
		8502C5DD1F37E611001117D0 /* VoteForQuestion.swift in Sources */ = {isa = PBXBuildFile; fileRef = 8502C5DC1F37E611001117D0 /* VoteForQuestion.swift */; };
		8502C5DF1F37E61E001117D0 /* VoteForAnswer.swift in Sources */ = {isa = PBXBuildFile; fileRef = 8502C5DE1F37E61E001117D0 /* VoteForAnswer.swift */; };
		8503D21C1F07871D0053D639 /* FindTogetherWithViewController.swift in Sources */ = {isa = PBXBuildFile; fileRef = 8503D21B1F07871D0053D639 /* FindTogetherWithViewController.swift */; };
		850779B21F03777D00598D60 /* ComposeContentDelegate.swift in Sources */ = {isa = PBXBuildFile; fileRef = 850779B11F03777D00598D60 /* ComposeContentDelegate.swift */; };
		851FBC611F0A4564000DEB50 /* PickedUserTogetherWithView.xib in Resources */ = {isa = PBXBuildFile; fileRef = 851FBC601F0A4564000DEB50 /* PickedUserTogetherWithView.xib */; };
		851FBC631F0A4580000DEB50 /* PickedUserTogetherWithView.swift in Sources */ = {isa = PBXBuildFile; fileRef = 851FBC621F0A4580000DEB50 /* PickedUserTogetherWithView.swift */; };
		852113F41F0F7E7500830F13 /* StyleConstants.swift in Sources */ = {isa = PBXBuildFile; fileRef = 852113F31F0F7E7500830F13 /* StyleConstants.swift */; };
		852113F71F0F89FA00830F13 /* ReusableUserTableViewCell.swift in Sources */ = {isa = PBXBuildFile; fileRef = 852113F51F0F89FA00830F13 /* ReusableUserTableViewCell.swift */; };
		852113F81F0F89FA00830F13 /* ReusableUserTableViewCell.xib in Resources */ = {isa = PBXBuildFile; fileRef = 852113F61F0F89FA00830F13 /* ReusableUserTableViewCell.xib */; };
		852113FA1F0F952000830F13 /* ReusableUserCellDelegate.swift in Sources */ = {isa = PBXBuildFile; fileRef = 852113F91F0F952000830F13 /* ReusableUserCellDelegate.swift */; };
		852C395C1EF5C8F400C66C16 /* GoogleService-Info.plist in Resources */ = {isa = PBXBuildFile; fileRef = 852C395B1EF5C8E800C66C16 /* GoogleService-Info.plist */; };
		852C395D1EF5C9C100C66C16 /* GoogleService-Info.plist in Resources */ = {isa = PBXBuildFile; fileRef = 852C395B1EF5C8E800C66C16 /* GoogleService-Info.plist */; };
		852C39711EF5D81A00C66C16 /* SignIn.storyboard in Resources */ = {isa = PBXBuildFile; fileRef = 852C396F1EF5D81A00C66C16 /* SignIn.storyboard */; };
		852C39761EF5DD7C00C66C16 /* EmailSignUpViewController.swift in Sources */ = {isa = PBXBuildFile; fileRef = 852C39751EF5DD7C00C66C16 /* EmailSignUpViewController.swift */; };
		852C39791EF5E95400C66C16 /* UserStateManager.swift in Sources */ = {isa = PBXBuildFile; fileRef = 852C39781EF5E95400C66C16 /* UserStateManager.swift */; };
		852C397A1EF5ED7700C66C16 /* Main.storyboard in Resources */ = {isa = PBXBuildFile; fileRef = 852C396C1EF5D75B00C66C16 /* Main.storyboard */; };
		852C397B1EF5ED7E00C66C16 /* LaunchScreen.storyboard in Resources */ = {isa = PBXBuildFile; fileRef = 852C396A1EF5D75B00C66C16 /* LaunchScreen.storyboard */; };
		8533DF361F041AD10026C437 /* ComposeTextTableViewController.swift in Sources */ = {isa = PBXBuildFile; fileRef = 8533DF351F041AD10026C437 /* ComposeTextTableViewController.swift */; };
		853851301EF4FBF600A8B2B5 /* AppDelegate.swift in Sources */ = {isa = PBXBuildFile; fileRef = 8538512F1EF4FBF600A8B2B5 /* AppDelegate.swift */; };
		853851381EF4FBF600A8B2B5 /* Rattit.xcdatamodeld in Sources */ = {isa = PBXBuildFile; fileRef = 853851361EF4FBF600A8B2B5 /* Rattit.xcdatamodeld */; };
		8538513A1EF4FBF600A8B2B5 /* Assets.xcassets in Resources */ = {isa = PBXBuildFile; fileRef = 853851391EF4FBF600A8B2B5 /* Assets.xcassets */; };
		853851481EF4FBF600A8B2B5 /* RattitTests.swift in Sources */ = {isa = PBXBuildFile; fileRef = 853851471EF4FBF600A8B2B5 /* RattitTests.swift */; };
		853A3D1D1EF69E4C008EA58E /* Moment.swift in Sources */ = {isa = PBXBuildFile; fileRef = 853A3D1C1EF69E4C008EA58E /* Moment.swift */; };
		853A3D1F1EF69F1C008EA58E /* Photo.swift in Sources */ = {isa = PBXBuildFile; fileRef = 853A3D1E1EF69F1C008EA58E /* Photo.swift */; };
		8549F0C81EFB844B00385F1E /* DateExtensions.swift in Sources */ = {isa = PBXBuildFile; fileRef = 8549F0C71EFB844B00385F1E /* DateExtensions.swift */; };
		8549F0CB1EFB877800385F1E /* Network.swift in Sources */ = {isa = PBXBuildFile; fileRef = 8549F0CA1EFB877800385F1E /* Network.swift */; };
		8549F0CD1EFB878F00385F1E /* CommonRequest.swift in Sources */ = {isa = PBXBuildFile; fileRef = 8549F0CC1EFB878F00385F1E /* CommonRequest.swift */; };
		8549F0CF1EFBBF5D00385F1E /* RattitErrorExtensions.swift in Sources */ = {isa = PBXBuildFile; fileRef = 8549F0CE1EFBBF5D00385F1E /* RattitErrorExtensions.swift */; };
		8549F0D11EFBC78E00385F1E /* GalleryManager.swift in Sources */ = {isa = PBXBuildFile; fileRef = 8549F0D01EFBC78E00385F1E /* GalleryManager.swift */; };
		8549F0D31EFC990600385F1E /* PhotoScrollView.xib in Resources */ = {isa = PBXBuildFile; fileRef = 8549F0D21EFC990600385F1E /* PhotoScrollView.xib */; };
		8549F0D51EFC992400385F1E /* PhotoScrollView.swift in Sources */ = {isa = PBXBuildFile; fileRef = 8549F0D41EFC992400385F1E /* PhotoScrollView.swift */; };
		8549F0D71EFCB66E00385F1E /* MainContentHeaderView.xib in Resources */ = {isa = PBXBuildFile; fileRef = 8549F0D61EFCB66E00385F1E /* MainContentHeaderView.xib */; };
		8549F0DA1EFCB85400385F1E /* MainContentHeaderView.swift in Sources */ = {isa = PBXBuildFile; fileRef = 8549F0D91EFCB85400385F1E /* MainContentHeaderView.swift */; };
		8549F0DC1EFCCAF900385F1E /* MomentOptionBar.xib in Resources */ = {isa = PBXBuildFile; fileRef = 8549F0DB1EFCCAF900385F1E /* MomentOptionBar.xib */; };
		8549F0DE1EFCCB1900385F1E /* MomentOptionBar.swift in Sources */ = {isa = PBXBuildFile; fileRef = 8549F0DD1EFCCB1900385F1E /* MomentOptionBar.swift */; };
		85541E251F0CE45400EC91A7 /* SlidingTabMenuBarView.xib in Resources */ = {isa = PBXBuildFile; fileRef = 85541E241F0CE45400EC91A7 /* SlidingTabMenuBarView.xib */; };
		85541E271F0CE46000EC91A7 /* SlidingTabMenuBarView.swift in Sources */ = {isa = PBXBuildFile; fileRef = 85541E261F0CE46000EC91A7 /* SlidingTabMenuBarView.swift */; };
		855700E01F00C88D0084356E /* ReusableCapturedPhotoView.xib in Resources */ = {isa = PBXBuildFile; fileRef = 855700DF1F00C88D0084356E /* ReusableCapturedPhotoView.xib */; };
		855700E21F00C8AB0084356E /* ReusableCapturedPhotoView.swift in Sources */ = {isa = PBXBuildFile; fileRef = 855700E11F00C8AB0084356E /* ReusableCapturedPhotoView.swift */; };
		855C4DF61F30DE7D0080468D /* QuestionDetailsTableViewCell.swift in Sources */ = {isa = PBXBuildFile; fileRef = 855C4DF41F30DE7D0080468D /* QuestionDetailsTableViewCell.swift */; };
		855C4DF71F30DE7D0080468D /* QuestionDetailsTableViewCell.xib in Resources */ = {isa = PBXBuildFile; fileRef = 855C4DF51F30DE7D0080468D /* QuestionDetailsTableViewCell.xib */; };
		855C8CF81F2EBA44002CB301 /* AppInfoManager.swift in Sources */ = {isa = PBXBuildFile; fileRef = 855C8CF71F2EBA44002CB301 /* AppInfoManager.swift */; };
		855C8CFA1F2EC060002CB301 /* ImagePickerViewController.swift in Sources */ = {isa = PBXBuildFile; fileRef = 855C8CF91F2EC060002CB301 /* ImagePickerViewController.swift */; };
		855EBEEE1F2D7FED00E6797F /* ReusablePlaceHolderTextView.swift in Sources */ = {isa = PBXBuildFile; fileRef = 855EBEED1F2D7FED00E6797F /* ReusablePlaceHolderTextView.swift */; };
		855EBEF01F2D802C00E6797F /* ReusablePlaceHolderTextView.xib in Resources */ = {isa = PBXBuildFile; fileRef = 855EBEEF1F2D802C00E6797F /* ReusablePlaceHolderTextView.xib */; };
		855EBEF61F2E9BB700E6797F /* ReusableCameraView.swift in Sources */ = {isa = PBXBuildFile; fileRef = 855EBEF51F2E9BB600E6797F /* ReusableCameraView.swift */; };
		855EBEF81F2E9BC600E6797F /* ReusableCameraView.xib in Resources */ = {isa = PBXBuildFile; fileRef = 855EBEF71F2E9BC600E6797F /* ReusableCameraView.xib */; };
		8563C8091F323824006FFE13 /* MomentCommentTableViewCell.swift in Sources */ = {isa = PBXBuildFile; fileRef = 8563C8071F323824006FFE13 /* MomentCommentTableViewCell.swift */; };
		8563C80A1F323824006FFE13 /* MomentCommentTableViewCell.xib in Resources */ = {isa = PBXBuildFile; fileRef = 8563C8081F323824006FFE13 /* MomentCommentTableViewCell.xib */; };
		8563C80D1F323858006FFE13 /* MomentCommentReplyTableViewCell.swift in Sources */ = {isa = PBXBuildFile; fileRef = 8563C80B1F323858006FFE13 /* MomentCommentReplyTableViewCell.swift */; };
		8563C80E1F323858006FFE13 /* MomentCommentReplyTableViewCell.xib in Resources */ = {isa = PBXBuildFile; fileRef = 8563C80C1F323858006FFE13 /* MomentCommentReplyTableViewCell.xib */; };
		8563C8151F32CFE4006FFE13 /* AnswerBriefTableViewCell.xib in Resources */ = {isa = PBXBuildFile; fileRef = 8563C8141F32CF62006FFE13 /* AnswerBriefTableViewCell.xib */; };
		8563C8161F32CFE8006FFE13 /* AnswerBriefTableViewCell.swift in Sources */ = {isa = PBXBuildFile; fileRef = 8563C8131F32CF62006FFE13 /* AnswerBriefTableViewCell.swift */; };
		8563C8181F32D6DB006FFE13 /* MomentCommentManager.swift in Sources */ = {isa = PBXBuildFile; fileRef = 8563C8171F32D6DB006FFE13 /* MomentCommentManager.swift */; };
		8563C81A1F32D6F1006FFE13 /* AnswerCommentManager.swift in Sources */ = {isa = PBXBuildFile; fileRef = 8563C8191F32D6F1006FFE13 /* AnswerCommentManager.swift */; };
		8564FDE11F31C64100900D52 /* AnswerDetailsVCNavTitleBarView.swift in Sources */ = {isa = PBXBuildFile; fileRef = 8564FDE01F31C64100900D52 /* AnswerDetailsVCNavTitleBarView.swift */; };
		8564FDE31F31C65500900D52 /* AnswerDetailsVCNavTitleBarView.xib in Resources */ = {isa = PBXBuildFile; fileRef = 8564FDE21F31C65500900D52 /* AnswerDetailsVCNavTitleBarView.xib */; };
		856A82411F257B9F00D59ED6 /* AnswerOptionBar.swift in Sources */ = {isa = PBXBuildFile; fileRef = 856A82401F257B9F00D59ED6 /* AnswerOptionBar.swift */; };
		856A82431F257BAC00D59ED6 /* AnswerOptionBar.xib in Resources */ = {isa = PBXBuildFile; fileRef = 856A82421F257BAC00D59ED6 /* AnswerOptionBar.xib */; };
		856A82451F25BB1400D59ED6 /* AnswerPreviewView.swift in Sources */ = {isa = PBXBuildFile; fileRef = 856A82441F25BB1400D59ED6 /* AnswerPreviewView.swift */; };
		856A82471F25BB2300D59ED6 /* AnswerPreviewView.xib in Resources */ = {isa = PBXBuildFile; fileRef = 856A82461F25BB2300D59ED6 /* AnswerPreviewView.xib */; };
		857197DD1F26528200D3C4FC /* ReusableFriendProfileHeaderView.swift in Sources */ = {isa = PBXBuildFile; fileRef = 857197DC1F26528200D3C4FC /* ReusableFriendProfileHeaderView.swift */; };
		857197DF1F26528F00D3C4FC /* ReusableFriendProfileHeaderView.xib in Resources */ = {isa = PBXBuildFile; fileRef = 857197DE1F26528F00D3C4FC /* ReusableFriendProfileHeaderView.xib */; };
		857197E11F265C0B00D3C4FC /* ReusableFollowingButtonView.swift in Sources */ = {isa = PBXBuildFile; fileRef = 857197E01F265C0B00D3C4FC /* ReusableFollowingButtonView.swift */; };
		857197E31F265C1500D3C4FC /* ReusableFollowingButtonView.xib in Resources */ = {isa = PBXBuildFile; fileRef = 857197E21F265C1500D3C4FC /* ReusableFollowingButtonView.xib */; };
		857197E61F26DAB100D3C4FC /* ReusableFriendProfileViewController.swift in Sources */ = {isa = PBXBuildFile; fileRef = 857197E41F26DAB100D3C4FC /* ReusableFriendProfileViewController.swift */; };
		857197E71F26DAB100D3C4FC /* ReusableFriendProfileViewController.xib in Resources */ = {isa = PBXBuildFile; fileRef = 857197E51F26DAB100D3C4FC /* ReusableFriendProfileViewController.xib */; };
		857197EA1F273A0B00D3C4FC /* ReusableFollowListViewController.swift in Sources */ = {isa = PBXBuildFile; fileRef = 857197E81F273A0B00D3C4FC /* ReusableFollowListViewController.swift */; };
		857197EB1F273A0B00D3C4FC /* ReusableFollowListViewController.xib in Resources */ = {isa = PBXBuildFile; fileRef = 857197E91F273A0B00D3C4FC /* ReusableFollowListViewController.xib */; };
		857197ED1F28446300D3C4FC /* ReusableRightNavBarItemViewForProfileVC.xib in Resources */ = {isa = PBXBuildFile; fileRef = 857197EC1F28446300D3C4FC /* ReusableRightNavBarItemViewForProfileVC.xib */; };
		857197EF1F28447400D3C4FC /* ReusableRightNavBarItemViewForProfileVC.swift in Sources */ = {isa = PBXBuildFile; fileRef = 857197EE1F28447400D3C4FC /* ReusableRightNavBarItemViewForProfileVC.swift */; };
		857197F11F28688000D3C4FC /* SlideTableHeaderDelegate.swift in Sources */ = {isa = PBXBuildFile; fileRef = 857197F01F28688000D3C4FC /* SlideTableHeaderDelegate.swift */; };
		8582A6441EFE319600483CDD /* ReusableNavBarItemView.xib in Resources */ = {isa = PBXBuildFile; fileRef = 8582A6431EFE319600483CDD /* ReusableNavBarItemView.xib */; };
		8582A6461EFE326000483CDD /* ReusableNavBarItemView.swift in Sources */ = {isa = PBXBuildFile; fileRef = 8582A6451EFE326000483CDD /* ReusableNavBarItemView.swift */; };
		8582A64C1EFE419F00483CDD /* ComposeImageViewController.swift in Sources */ = {isa = PBXBuildFile; fileRef = 8582A64B1EFE419F00483CDD /* ComposeImageViewController.swift */; };
		8582A64E1EFF30FF00483CDD /* ContentOperationConstants.swift in Sources */ = {isa = PBXBuildFile; fileRef = 8582A64D1EFF30FF00483CDD /* ContentOperationConstants.swift */; };
		8582A6551F0088BA00483CDD /* DevicePhotoCollectionViewCell.swift in Sources */ = {isa = PBXBuildFile; fileRef = 8582A6531F0088BA00483CDD /* DevicePhotoCollectionViewCell.swift */; };
		8582A6561F0088BA00483CDD /* DevicePhotoCollectionViewCell.xib in Resources */ = {isa = PBXBuildFile; fileRef = 8582A6541F0088BA00483CDD /* DevicePhotoCollectionViewCell.xib */; };
		858773A81F2298F4004BFE27 /* QuestionPreviewView.swift in Sources */ = {isa = PBXBuildFile; fileRef = 858773A71F2298F4004BFE27 /* QuestionPreviewView.swift */; };
		858773AA1F2298FE004BFE27 /* QuestionPreviewView.xib in Resources */ = {isa = PBXBuildFile; fileRef = 858773A91F2298FE004BFE27 /* QuestionPreviewView.xib */; };
		858773AE1F22A2CC004BFE27 /* ContentTitleWordsView.swift in Sources */ = {isa = PBXBuildFile; fileRef = 858773AD1F22A2CC004BFE27 /* ContentTitleWordsView.swift */; };
		858773B01F22A2DB004BFE27 /* ContentTitleWordsView.xib in Resources */ = {isa = PBXBuildFile; fileRef = 858773AF1F22A2DB004BFE27 /* ContentTitleWordsView.xib */; };
		858773B71F22D8E2004BFE27 /* ReusableImageModalViewController.swift in Sources */ = {isa = PBXBuildFile; fileRef = 858773B51F22D8E2004BFE27 /* ReusableImageModalViewController.swift */; };
		858773B81F22D8E2004BFE27 /* ReusableImageModalViewController.xib in Resources */ = {isa = PBXBuildFile; fileRef = 858773B61F22D8E2004BFE27 /* ReusableImageModalViewController.xib */; };
		858773BB1F22F81E004BFE27 /* NotificationObjects.swift in Sources */ = {isa = PBXBuildFile; fileRef = 858773BA1F22F81E004BFE27 /* NotificationObjects.swift */; };
		8587D1C01F0C512B009D18E9 /* FlyHomeViewController.swift in Sources */ = {isa = PBXBuildFile; fileRef = 8587D1BF1F0C512B009D18E9 /* FlyHomeViewController.swift */; };
		8587D1C31F0CA02F009D18E9 /* UserProfileHeaderView.swift in Sources */ = {isa = PBXBuildFile; fileRef = 8587D1C21F0CA02F009D18E9 /* UserProfileHeaderView.swift */; };
		8587D1C51F0CA03C009D18E9 /* UserProfileHeaderView.xib in Resources */ = {isa = PBXBuildFile; fileRef = 8587D1C41F0CA03C009D18E9 /* UserProfileHeaderView.xib */; };
		8595649D1EF64C2C000D0BC8 /* ContentFlow.storyboard in Resources */ = {isa = PBXBuildFile; fileRef = 8595649B1EF64C2C000D0BC8 /* ContentFlow.storyboard */; };
		859564A01EF64C5E000D0BC8 /* Search.storyboard in Resources */ = {isa = PBXBuildFile; fileRef = 8595649E1EF64C5E000D0BC8 /* Search.storyboard */; };
		859564A31EF64CB2000D0BC8 /* Love.storyboard in Resources */ = {isa = PBXBuildFile; fileRef = 859564A11EF64CB2000D0BC8 /* Love.storyboard */; };
		859564A61EF64CC7000D0BC8 /* Fly.storyboard in Resources */ = {isa = PBXBuildFile; fileRef = 859564A41EF64CC7000D0BC8 /* Fly.storyboard */; };
		859564A91EF64DA0000D0BC8 /* HomeContentViewController.swift in Sources */ = {isa = PBXBuildFile; fileRef = 859564A81EF64DA0000D0BC8 /* HomeContentViewController.swift */; };
		859564AB1EF64E7A000D0BC8 /* HomeTabBarViewController.swift in Sources */ = {isa = PBXBuildFile; fileRef = 859564AA1EF64E7A000D0BC8 /* HomeTabBarViewController.swift */; };
		859564AF1EF6654E000D0BC8 /* MomentTableViewCell.swift in Sources */ = {isa = PBXBuildFile; fileRef = 859564AD1EF6654E000D0BC8 /* MomentTableViewCell.swift */; };
		859564B01EF6654E000D0BC8 /* MomentTableViewCell.xib in Resources */ = {isa = PBXBuildFile; fileRef = 859564AE1EF6654E000D0BC8 /* MomentTableViewCell.xib */; };
		859564B21EF66608000D0BC8 /* ContentFlowNavigationTitleView.xib in Resources */ = {isa = PBXBuildFile; fileRef = 859564B11EF66608000D0BC8 /* ContentFlowNavigationTitleView.xib */; };
		859564B41EF675B7000D0BC8 /* AskForSignInSignUpView.xib in Resources */ = {isa = PBXBuildFile; fileRef = 859564B31EF675B7000D0BC8 /* AskForSignInSignUpView.xib */; };
		859564B61EF675C7000D0BC8 /* AskForSignInSignUpView.swift in Sources */ = {isa = PBXBuildFile; fileRef = 859564B51EF675C7000D0BC8 /* AskForSignInSignUpView.swift */; };
		859564BA1EF68176000D0BC8 /* AskForSignInSignUpDelegate.swift in Sources */ = {isa = PBXBuildFile; fileRef = 859564B91EF68176000D0BC8 /* AskForSignInSignUpDelegate.swift */; };
		859564BE1EF682CF000D0BC8 /* SignInSignOutConstants.swift in Sources */ = {isa = PBXBuildFile; fileRef = 859564BD1EF682CF000D0BC8 /* SignInSignOutConstants.swift */; };
		859B5F491F060FF0009A8762 /* LocationPickingViewController.swift in Sources */ = {isa = PBXBuildFile; fileRef = 859B5F481F060FF0009A8762 /* LocationPickingViewController.swift */; };
		859B5F4B1F0615AE009A8762 /* GoogleLocation.swift in Sources */ = {isa = PBXBuildFile; fileRef = 859B5F4A1F0615AE009A8762 /* GoogleLocation.swift */; };
		859B5F4D1F061F12009A8762 /* RattitLocationManager.swift in Sources */ = {isa = PBXBuildFile; fileRef = 859B5F4C1F061F12009A8762 /* RattitLocationManager.swift */; };
		85AC86C91F1D2DFA0093D9A3 /* ContentDisplayTableView.swift in Sources */ = {isa = PBXBuildFile; fileRef = 85AC86C81F1D2DFA0093D9A3 /* ContentDisplayTableView.swift */; };
		85AC86CB1F1D2E440093D9A3 /* ContentDisplayTableView.xib in Resources */ = {isa = PBXBuildFile; fileRef = 85AC86CA1F1D2E440093D9A3 /* ContentDisplayTableView.xib */; };
		85BB89241F2D6ADF000F1CFD /* ComposeQuestionTableViewController.swift in Sources */ = {isa = PBXBuildFile; fileRef = 85BB89231F2D6ADF000F1CFD /* ComposeQuestionTableViewController.swift */; };
		85BB89261F2D6E94000F1CFD /* ReusableRatingStarsView.swift in Sources */ = {isa = PBXBuildFile; fileRef = 85BB89251F2D6E94000F1CFD /* ReusableRatingStarsView.swift */; };
		85BB89281F2D6E9E000F1CFD /* ReusableRatingStarsView.xib in Resources */ = {isa = PBXBuildFile; fileRef = 85BB89271F2D6E9E000F1CFD /* ReusableRatingStarsView.xib */; };
		85C16E3B1F21347300D609DE /* FlyHomeViewNavBarTitleView.swift in Sources */ = {isa = PBXBuildFile; fileRef = 85C16E3A1F21347300D609DE /* FlyHomeViewNavBarTitleView.swift */; };
		85C16E3D1F21349100D609DE /* FlyHomeViewNavBarTitleView.xib in Resources */ = {isa = PBXBuildFile; fileRef = 85C16E3C1F21349100D609DE /* FlyHomeViewNavBarTitleView.xib */; };
		85C16E401F219C6C00D609DE /* QuestionTableViewCell.swift in Sources */ = {isa = PBXBuildFile; fileRef = 85C16E3E1F219C6C00D609DE /* QuestionTableViewCell.swift */; };
		85C16E411F219C6C00D609DE /* QuestionTableViewCell.xib in Resources */ = {isa = PBXBuildFile; fileRef = 85C16E3F1F219C6C00D609DE /* QuestionTableViewCell.xib */; };
		85C16E441F219C8C00D609DE /* AnswerTableViewCell.swift in Sources */ = {isa = PBXBuildFile; fileRef = 85C16E421F219C8C00D609DE /* AnswerTableViewCell.swift */; };
		85C16E451F219C8C00D609DE /* AnswerTableViewCell.xib in Resources */ = {isa = PBXBuildFile; fileRef = 85C16E431F219C8C00D609DE /* AnswerTableViewCell.xib */; };
		85E21A351EFA624C00D4F961 /* MainContent.swift in Sources */ = {isa = PBXBuildFile; fileRef = 85E21A341EFA624C00D4F961 /* MainContent.swift */; };
		85E21A371EFA668C00D4F961 /* Question.swift in Sources */ = {isa = PBXBuildFile; fileRef = 85E21A361EFA668C00D4F961 /* Question.swift */; };
		85E21A391EFA6C3900D4F961 /* Answer.swift in Sources */ = {isa = PBXBuildFile; fileRef = 85E21A381EFA6C3900D4F961 /* Answer.swift */; };
		85E21A3B1EFA701400D4F961 /* RattitCollection.swift in Sources */ = {isa = PBXBuildFile; fileRef = 85E21A3A1EFA701400D4F961 /* RattitCollection.swift */; };
		85E21A3D1EFA73E000D4F961 /* CommentForMoment.swift in Sources */ = {isa = PBXBuildFile; fileRef = 85E21A3C1EFA73E000D4F961 /* CommentForMoment.swift */; };
		85E21A3F1EFB4C4900D4F961 /* CommentForAnswer.swift in Sources */ = {isa = PBXBuildFile; fileRef = 85E21A3E1EFB4C4900D4F961 /* CommentForAnswer.swift */; };
		85E21A411EFB4E7D00D4F961 /* RattitLocation.swift in Sources */ = {isa = PBXBuildFile; fileRef = 85E21A401EFB4E7D00D4F961 /* RattitLocation.swift */; };
		85E21A431EFB5A3400D4F961 /* RattitUserManager.swift in Sources */ = {isa = PBXBuildFile; fileRef = 85E21A421EFB5A3400D4F961 /* RattitUserManager.swift */; };
		85E349621F2EFBFC00E1CED8 /* MomentDetailsViewController.swift in Sources */ = {isa = PBXBuildFile; fileRef = 85E349611F2EFBFC00E1CED8 /* MomentDetailsViewController.swift */; };
		85E349641F2EFC1600E1CED8 /* QuestionDetailsViewController.swift in Sources */ = {isa = PBXBuildFile; fileRef = 85E349631F2EFC1600E1CED8 /* QuestionDetailsViewController.swift */; };
		85E349661F2EFC2500E1CED8 /* AnswerDetailsViewController.swift in Sources */ = {isa = PBXBuildFile; fileRef = 85E349651F2EFC2500E1CED8 /* AnswerDetailsViewController.swift */; };
		85E349691F2EFECE00E1CED8 /* MomentDetailsTableViewCell.swift in Sources */ = {isa = PBXBuildFile; fileRef = 85E349671F2EFECE00E1CED8 /* MomentDetailsTableViewCell.swift */; };
		85E3496A1F2EFECE00E1CED8 /* MomentDetailsTableViewCell.xib in Resources */ = {isa = PBXBuildFile; fileRef = 85E349681F2EFECE00E1CED8 /* MomentDetailsTableViewCell.xib */; };
		85E3496C1F2F147500E1CED8 /* ContentFlowDelegate.swift in Sources */ = {isa = PBXBuildFile; fileRef = 85E3496B1F2F147500E1CED8 /* ContentFlowDelegate.swift */; };
		85F058D51F0260D5008808CE /* ComposeContentManager.swift in Sources */ = {isa = PBXBuildFile; fileRef = 85F058D41F0260D5008808CE /* ComposeContentManager.swift */; };
		85F5C2071F2412F9007F0E8C /* UIImageViewExtensions.swift in Sources */ = {isa = PBXBuildFile; fileRef = 85F5C2061F2412F9007F0E8C /* UIImageViewExtensions.swift */; };
		85F5C2091F245A3D007F0E8C /* QuestionOptionBar.swift in Sources */ = {isa = PBXBuildFile; fileRef = 85F5C2081F245A3D007F0E8C /* QuestionOptionBar.swift */; };
		85F5C20B1F245A49007F0E8C /* QuestionOptionBar.xib in Resources */ = {isa = PBXBuildFile; fileRef = 85F5C20A1F245A49007F0E8C /* QuestionOptionBar.xib */; };
		85F5C20D1F245F96007F0E8C /* QuestionManager.swift in Sources */ = {isa = PBXBuildFile; fileRef = 85F5C20C1F245F96007F0E8C /* QuestionManager.swift */; };
		85F5C20F1F248242007F0E8C /* AnswerManager.swift in Sources */ = {isa = PBXBuildFile; fileRef = 85F5C20E1F248242007F0E8C /* AnswerManager.swift */; };
		85F5C2111F2482C9007F0E8C /* DataFlowManager.swift in Sources */ = {isa = PBXBuildFile; fileRef = 85F5C2101F2482C9007F0E8C /* DataFlowManager.swift */; };
		85F5C2131F248558007F0E8C /* BaseContentManager.swift in Sources */ = {isa = PBXBuildFile; fileRef = 85F5C2121F248558007F0E8C /* BaseContentManager.swift */; };
		85F5C2151F24AA9A007F0E8C /* DataFlowObjects.swift in Sources */ = {isa = PBXBuildFile; fileRef = 85F5C2141F24AA9A007F0E8C /* DataFlowObjects.swift */; };
/* End PBXBuildFile section */

/* Begin PBXContainerItemProxy section */
		853851441EF4FBF600A8B2B5 /* PBXContainerItemProxy */ = {
			isa = PBXContainerItemProxy;
			containerPortal = 853851241EF4FBF500A8B2B5 /* Project object */;
			proxyType = 1;
			remoteGlobalIDString = 8538512B1EF4FBF600A8B2B5;
			remoteInfo = Rattit;
		};
/* End PBXContainerItemProxy section */

/* Begin PBXFileReference section */
		0F361B6012D8EDE55A8FF743 /* Pods_Rattit.framework */ = {isa = PBXFileReference; explicitFileType = wrapper.framework; includeInIndex = 0; path = Pods_Rattit.framework; sourceTree = BUILT_PRODUCTS_DIR; };
		2D1FF0439B7E2EA215D472D2 /* Pods-Rattit.debug.xcconfig */ = {isa = PBXFileReference; includeInIndex = 1; lastKnownFileType = text.xcconfig; name = "Pods-Rattit.debug.xcconfig"; path = "Pods/Target Support Files/Pods-Rattit/Pods-Rattit.debug.xcconfig"; sourceTree = "<group>"; };
		85023FA11EF71E7600E785FD /* RattitUser.swift */ = {isa = PBXFileReference; lastKnownFileType = sourcecode.swift; path = RattitUser.swift; sourceTree = "<group>"; };
		85023FA31EF71F2700E785FD /* DataModelConstants.swift */ = {isa = PBXFileReference; lastKnownFileType = sourcecode.swift; path = DataModelConstants.swift; sourceTree = "<group>"; };
		85023FA61EF728D100E785FD /* MomentManager.swift */ = {isa = PBXFileReference; lastKnownFileType = sourcecode.swift; path = MomentManager.swift; sourceTree = "<group>"; };
		85023FA81EF72E2100E785FD /* NetworkConstants.swift */ = {isa = PBXFileReference; lastKnownFileType = sourcecode.swift; path = NetworkConstants.swift; sourceTree = "<group>"; };
		85023FAB1EF76D4700E785FD /* StringExtensions.swift */ = {isa = PBXFileReference; lastKnownFileType = sourcecode.swift; path = StringExtensions.swift; sourceTree = "<group>"; };
		8502C5D01F34EFE5001117D0 /* ReusableGrowingTextView.swift */ = {isa = PBXFileReference; lastKnownFileType = sourcecode.swift; path = ReusableGrowingTextView.swift; sourceTree = "<group>"; };
		8502C5D21F34FC40001117D0 /* ReusableGrowingTextInputBar.swift */ = {isa = PBXFileReference; lastKnownFileType = sourcecode.swift; path = ReusableGrowingTextInputBar.swift; sourceTree = "<group>"; };
		8502C5D61F3520EF001117D0 /* ReusableKeyboardObservingView.swift */ = {isa = PBXFileReference; lastKnownFileType = sourcecode.swift; path = ReusableKeyboardObservingView.swift; sourceTree = "<group>"; };
		8502C5D81F35230D001117D0 /* ReusableGrowingTextInputBarDelegate.swift */ = {isa = PBXFileReference; lastKnownFileType = sourcecode.swift; path = ReusableGrowingTextInputBarDelegate.swift; sourceTree = "<group>"; };
		8502C5DA1F37E602001117D0 /* VoteForMoment.swift */ = {isa = PBXFileReference; lastKnownFileType = sourcecode.swift; path = VoteForMoment.swift; sourceTree = "<group>"; };
		8502C5DC1F37E611001117D0 /* VoteForQuestion.swift */ = {isa = PBXFileReference; lastKnownFileType = sourcecode.swift; path = VoteForQuestion.swift; sourceTree = "<group>"; };
		8502C5DE1F37E61E001117D0 /* VoteForAnswer.swift */ = {isa = PBXFileReference; lastKnownFileType = sourcecode.swift; path = VoteForAnswer.swift; sourceTree = "<group>"; };
		8503D21B1F07871D0053D639 /* FindTogetherWithViewController.swift */ = {isa = PBXFileReference; lastKnownFileType = sourcecode.swift; path = FindTogetherWithViewController.swift; sourceTree = "<group>"; };
		850779B11F03777D00598D60 /* ComposeContentDelegate.swift */ = {isa = PBXFileReference; lastKnownFileType = sourcecode.swift; path = ComposeContentDelegate.swift; sourceTree = "<group>"; };
		851FBC601F0A4564000DEB50 /* PickedUserTogetherWithView.xib */ = {isa = PBXFileReference; lastKnownFileType = file.xib; path = PickedUserTogetherWithView.xib; sourceTree = "<group>"; };
		851FBC621F0A4580000DEB50 /* PickedUserTogetherWithView.swift */ = {isa = PBXFileReference; lastKnownFileType = sourcecode.swift; path = PickedUserTogetherWithView.swift; sourceTree = "<group>"; };
		852113F31F0F7E7500830F13 /* StyleConstants.swift */ = {isa = PBXFileReference; lastKnownFileType = sourcecode.swift; path = StyleConstants.swift; sourceTree = "<group>"; };
		852113F51F0F89FA00830F13 /* ReusableUserTableViewCell.swift */ = {isa = PBXFileReference; lastKnownFileType = sourcecode.swift; path = ReusableUserTableViewCell.swift; sourceTree = "<group>"; };
		852113F61F0F89FA00830F13 /* ReusableUserTableViewCell.xib */ = {isa = PBXFileReference; lastKnownFileType = file.xib; path = ReusableUserTableViewCell.xib; sourceTree = "<group>"; };
		852113F91F0F952000830F13 /* ReusableUserCellDelegate.swift */ = {isa = PBXFileReference; lastKnownFileType = sourcecode.swift; path = ReusableUserCellDelegate.swift; sourceTree = "<group>"; };
		852C395B1EF5C8E800C66C16 /* GoogleService-Info.plist */ = {isa = PBXFileReference; lastKnownFileType = text.plist.xml; path = "GoogleService-Info.plist"; sourceTree = "<group>"; };
		852C396B1EF5D75B00C66C16 /* Base */ = {isa = PBXFileReference; lastKnownFileType = file.storyboard; name = Base; path = LaunchScreen.storyboard; sourceTree = "<group>"; };
		852C396D1EF5D75B00C66C16 /* Base */ = {isa = PBXFileReference; lastKnownFileType = file.storyboard; name = Base; path = Main.storyboard; sourceTree = "<group>"; };
		852C39701EF5D81A00C66C16 /* Base */ = {isa = PBXFileReference; lastKnownFileType = file.storyboard; name = Base; path = SignIn.storyboard; sourceTree = "<group>"; };
		852C39751EF5DD7C00C66C16 /* EmailSignUpViewController.swift */ = {isa = PBXFileReference; lastKnownFileType = sourcecode.swift; path = EmailSignUpViewController.swift; sourceTree = "<group>"; };
		852C39781EF5E95400C66C16 /* UserStateManager.swift */ = {isa = PBXFileReference; lastKnownFileType = sourcecode.swift; path = UserStateManager.swift; sourceTree = "<group>"; };
		8533DF351F041AD10026C437 /* ComposeTextTableViewController.swift */ = {isa = PBXFileReference; lastKnownFileType = sourcecode.swift; path = ComposeTextTableViewController.swift; sourceTree = "<group>"; };
		8538512C1EF4FBF600A8B2B5 /* Rattit.app */ = {isa = PBXFileReference; explicitFileType = wrapper.application; includeInIndex = 0; path = Rattit.app; sourceTree = BUILT_PRODUCTS_DIR; };
		8538512F1EF4FBF600A8B2B5 /* AppDelegate.swift */ = {isa = PBXFileReference; lastKnownFileType = sourcecode.swift; path = AppDelegate.swift; sourceTree = "<group>"; };
		853851371EF4FBF600A8B2B5 /* Rattit.xcdatamodel */ = {isa = PBXFileReference; lastKnownFileType = wrapper.xcdatamodel; path = Rattit.xcdatamodel; sourceTree = "<group>"; };
		853851391EF4FBF600A8B2B5 /* Assets.xcassets */ = {isa = PBXFileReference; lastKnownFileType = folder.assetcatalog; path = Assets.xcassets; sourceTree = "<group>"; };
		8538513E1EF4FBF600A8B2B5 /* Info.plist */ = {isa = PBXFileReference; lastKnownFileType = text.plist.xml; path = Info.plist; sourceTree = "<group>"; };
		853851431EF4FBF600A8B2B5 /* RattitTests.xctest */ = {isa = PBXFileReference; explicitFileType = wrapper.cfbundle; includeInIndex = 0; path = RattitTests.xctest; sourceTree = BUILT_PRODUCTS_DIR; };
		853851471EF4FBF600A8B2B5 /* RattitTests.swift */ = {isa = PBXFileReference; lastKnownFileType = sourcecode.swift; path = RattitTests.swift; sourceTree = "<group>"; };
		853851491EF4FBF600A8B2B5 /* Info.plist */ = {isa = PBXFileReference; lastKnownFileType = text.plist.xml; path = Info.plist; sourceTree = "<group>"; };
		853A3D1C1EF69E4C008EA58E /* Moment.swift */ = {isa = PBXFileReference; lastKnownFileType = sourcecode.swift; path = Moment.swift; sourceTree = "<group>"; };
		853A3D1E1EF69F1C008EA58E /* Photo.swift */ = {isa = PBXFileReference; lastKnownFileType = sourcecode.swift; path = Photo.swift; sourceTree = "<group>"; };
		8549F0C71EFB844B00385F1E /* DateExtensions.swift */ = {isa = PBXFileReference; lastKnownFileType = sourcecode.swift; path = DateExtensions.swift; sourceTree = "<group>"; };
		8549F0CA1EFB877800385F1E /* Network.swift */ = {isa = PBXFileReference; lastKnownFileType = sourcecode.swift; path = Network.swift; sourceTree = "<group>"; };
		8549F0CC1EFB878F00385F1E /* CommonRequest.swift */ = {isa = PBXFileReference; lastKnownFileType = sourcecode.swift; path = CommonRequest.swift; sourceTree = "<group>"; };
		8549F0CE1EFBBF5D00385F1E /* RattitErrorExtensions.swift */ = {isa = PBXFileReference; lastKnownFileType = sourcecode.swift; path = RattitErrorExtensions.swift; sourceTree = "<group>"; };
		8549F0D01EFBC78E00385F1E /* GalleryManager.swift */ = {isa = PBXFileReference; lastKnownFileType = sourcecode.swift; path = GalleryManager.swift; sourceTree = "<group>"; };
		8549F0D21EFC990600385F1E /* PhotoScrollView.xib */ = {isa = PBXFileReference; lastKnownFileType = file.xib; path = PhotoScrollView.xib; sourceTree = "<group>"; };
		8549F0D41EFC992400385F1E /* PhotoScrollView.swift */ = {isa = PBXFileReference; lastKnownFileType = sourcecode.swift; path = PhotoScrollView.swift; sourceTree = "<group>"; };
		8549F0D61EFCB66E00385F1E /* MainContentHeaderView.xib */ = {isa = PBXFileReference; lastKnownFileType = file.xib; path = MainContentHeaderView.xib; sourceTree = "<group>"; };
		8549F0D91EFCB85400385F1E /* MainContentHeaderView.swift */ = {isa = PBXFileReference; lastKnownFileType = sourcecode.swift; path = MainContentHeaderView.swift; sourceTree = "<group>"; };
		8549F0DB1EFCCAF900385F1E /* MomentOptionBar.xib */ = {isa = PBXFileReference; lastKnownFileType = file.xib; path = MomentOptionBar.xib; sourceTree = "<group>"; };
		8549F0DD1EFCCB1900385F1E /* MomentOptionBar.swift */ = {isa = PBXFileReference; lastKnownFileType = sourcecode.swift; path = MomentOptionBar.swift; sourceTree = "<group>"; };
		85541E241F0CE45400EC91A7 /* SlidingTabMenuBarView.xib */ = {isa = PBXFileReference; lastKnownFileType = file.xib; path = SlidingTabMenuBarView.xib; sourceTree = "<group>"; };
		85541E261F0CE46000EC91A7 /* SlidingTabMenuBarView.swift */ = {isa = PBXFileReference; lastKnownFileType = sourcecode.swift; path = SlidingTabMenuBarView.swift; sourceTree = "<group>"; };
		855700DF1F00C88D0084356E /* ReusableCapturedPhotoView.xib */ = {isa = PBXFileReference; lastKnownFileType = file.xib; path = ReusableCapturedPhotoView.xib; sourceTree = "<group>"; };
		855700E11F00C8AB0084356E /* ReusableCapturedPhotoView.swift */ = {isa = PBXFileReference; lastKnownFileType = sourcecode.swift; path = ReusableCapturedPhotoView.swift; sourceTree = "<group>"; };
		855C4DF41F30DE7D0080468D /* QuestionDetailsTableViewCell.swift */ = {isa = PBXFileReference; lastKnownFileType = sourcecode.swift; path = QuestionDetailsTableViewCell.swift; sourceTree = "<group>"; };
		855C4DF51F30DE7D0080468D /* QuestionDetailsTableViewCell.xib */ = {isa = PBXFileReference; lastKnownFileType = file.xib; path = QuestionDetailsTableViewCell.xib; sourceTree = "<group>"; };
		855C8CF71F2EBA44002CB301 /* AppInfoManager.swift */ = {isa = PBXFileReference; lastKnownFileType = sourcecode.swift; path = AppInfoManager.swift; sourceTree = "<group>"; };
		855C8CF91F2EC060002CB301 /* ImagePickerViewController.swift */ = {isa = PBXFileReference; lastKnownFileType = sourcecode.swift; path = ImagePickerViewController.swift; sourceTree = "<group>"; };
		855EBEED1F2D7FED00E6797F /* ReusablePlaceHolderTextView.swift */ = {isa = PBXFileReference; lastKnownFileType = sourcecode.swift; path = ReusablePlaceHolderTextView.swift; sourceTree = "<group>"; };
		855EBEEF1F2D802C00E6797F /* ReusablePlaceHolderTextView.xib */ = {isa = PBXFileReference; lastKnownFileType = file.xib; path = ReusablePlaceHolderTextView.xib; sourceTree = "<group>"; };
		855EBEF51F2E9BB600E6797F /* ReusableCameraView.swift */ = {isa = PBXFileReference; lastKnownFileType = sourcecode.swift; path = ReusableCameraView.swift; sourceTree = "<group>"; };
		855EBEF71F2E9BC600E6797F /* ReusableCameraView.xib */ = {isa = PBXFileReference; lastKnownFileType = file.xib; path = ReusableCameraView.xib; sourceTree = "<group>"; };
		8563C8071F323824006FFE13 /* MomentCommentTableViewCell.swift */ = {isa = PBXFileReference; lastKnownFileType = sourcecode.swift; path = MomentCommentTableViewCell.swift; sourceTree = "<group>"; };
		8563C8081F323824006FFE13 /* MomentCommentTableViewCell.xib */ = {isa = PBXFileReference; lastKnownFileType = file.xib; path = MomentCommentTableViewCell.xib; sourceTree = "<group>"; };
		8563C80B1F323858006FFE13 /* MomentCommentReplyTableViewCell.swift */ = {isa = PBXFileReference; lastKnownFileType = sourcecode.swift; path = MomentCommentReplyTableViewCell.swift; sourceTree = "<group>"; };
		8563C80C1F323858006FFE13 /* MomentCommentReplyTableViewCell.xib */ = {isa = PBXFileReference; lastKnownFileType = file.xib; path = MomentCommentReplyTableViewCell.xib; sourceTree = "<group>"; };
		8563C8131F32CF62006FFE13 /* AnswerBriefTableViewCell.swift */ = {isa = PBXFileReference; lastKnownFileType = sourcecode.swift; path = AnswerBriefTableViewCell.swift; sourceTree = "<group>"; };
		8563C8141F32CF62006FFE13 /* AnswerBriefTableViewCell.xib */ = {isa = PBXFileReference; lastKnownFileType = file.xib; path = AnswerBriefTableViewCell.xib; sourceTree = "<group>"; };
		8563C8171F32D6DB006FFE13 /* MomentCommentManager.swift */ = {isa = PBXFileReference; lastKnownFileType = sourcecode.swift; path = MomentCommentManager.swift; sourceTree = "<group>"; };
		8563C8191F32D6F1006FFE13 /* AnswerCommentManager.swift */ = {isa = PBXFileReference; lastKnownFileType = sourcecode.swift; path = AnswerCommentManager.swift; sourceTree = "<group>"; };
		8564FDE01F31C64100900D52 /* AnswerDetailsVCNavTitleBarView.swift */ = {isa = PBXFileReference; lastKnownFileType = sourcecode.swift; path = AnswerDetailsVCNavTitleBarView.swift; sourceTree = "<group>"; };
		8564FDE21F31C65500900D52 /* AnswerDetailsVCNavTitleBarView.xib */ = {isa = PBXFileReference; lastKnownFileType = file.xib; path = AnswerDetailsVCNavTitleBarView.xib; sourceTree = "<group>"; };
		856A82401F257B9F00D59ED6 /* AnswerOptionBar.swift */ = {isa = PBXFileReference; lastKnownFileType = sourcecode.swift; path = AnswerOptionBar.swift; sourceTree = "<group>"; };
		856A82421F257BAC00D59ED6 /* AnswerOptionBar.xib */ = {isa = PBXFileReference; lastKnownFileType = file.xib; path = AnswerOptionBar.xib; sourceTree = "<group>"; };
		856A82441F25BB1400D59ED6 /* AnswerPreviewView.swift */ = {isa = PBXFileReference; lastKnownFileType = sourcecode.swift; path = AnswerPreviewView.swift; sourceTree = "<group>"; };
		856A82461F25BB2300D59ED6 /* AnswerPreviewView.xib */ = {isa = PBXFileReference; lastKnownFileType = file.xib; path = AnswerPreviewView.xib; sourceTree = "<group>"; };
		857197DC1F26528200D3C4FC /* ReusableFriendProfileHeaderView.swift */ = {isa = PBXFileReference; lastKnownFileType = sourcecode.swift; path = ReusableFriendProfileHeaderView.swift; sourceTree = "<group>"; };
		857197DE1F26528F00D3C4FC /* ReusableFriendProfileHeaderView.xib */ = {isa = PBXFileReference; lastKnownFileType = file.xib; path = ReusableFriendProfileHeaderView.xib; sourceTree = "<group>"; };
		857197E01F265C0B00D3C4FC /* ReusableFollowingButtonView.swift */ = {isa = PBXFileReference; lastKnownFileType = sourcecode.swift; path = ReusableFollowingButtonView.swift; sourceTree = "<group>"; };
		857197E21F265C1500D3C4FC /* ReusableFollowingButtonView.xib */ = {isa = PBXFileReference; lastKnownFileType = file.xib; path = ReusableFollowingButtonView.xib; sourceTree = "<group>"; };
		857197E41F26DAB100D3C4FC /* ReusableFriendProfileViewController.swift */ = {isa = PBXFileReference; lastKnownFileType = sourcecode.swift; path = ReusableFriendProfileViewController.swift; sourceTree = "<group>"; };
		857197E51F26DAB100D3C4FC /* ReusableFriendProfileViewController.xib */ = {isa = PBXFileReference; lastKnownFileType = file.xib; path = ReusableFriendProfileViewController.xib; sourceTree = "<group>"; };
		857197E81F273A0B00D3C4FC /* ReusableFollowListViewController.swift */ = {isa = PBXFileReference; lastKnownFileType = sourcecode.swift; path = ReusableFollowListViewController.swift; sourceTree = "<group>"; };
		857197E91F273A0B00D3C4FC /* ReusableFollowListViewController.xib */ = {isa = PBXFileReference; lastKnownFileType = file.xib; path = ReusableFollowListViewController.xib; sourceTree = "<group>"; };
		857197EC1F28446300D3C4FC /* ReusableRightNavBarItemViewForProfileVC.xib */ = {isa = PBXFileReference; lastKnownFileType = file.xib; path = ReusableRightNavBarItemViewForProfileVC.xib; sourceTree = "<group>"; };
		857197EE1F28447400D3C4FC /* ReusableRightNavBarItemViewForProfileVC.swift */ = {isa = PBXFileReference; lastKnownFileType = sourcecode.swift; path = ReusableRightNavBarItemViewForProfileVC.swift; sourceTree = "<group>"; };
		857197F01F28688000D3C4FC /* SlideTableHeaderDelegate.swift */ = {isa = PBXFileReference; lastKnownFileType = sourcecode.swift; path = SlideTableHeaderDelegate.swift; sourceTree = "<group>"; };
		8582A6431EFE319600483CDD /* ReusableNavBarItemView.xib */ = {isa = PBXFileReference; lastKnownFileType = file.xib; path = ReusableNavBarItemView.xib; sourceTree = "<group>"; };
		8582A6451EFE326000483CDD /* ReusableNavBarItemView.swift */ = {isa = PBXFileReference; lastKnownFileType = sourcecode.swift; path = ReusableNavBarItemView.swift; sourceTree = "<group>"; };
		8582A64B1EFE419F00483CDD /* ComposeImageViewController.swift */ = {isa = PBXFileReference; lastKnownFileType = sourcecode.swift; path = ComposeImageViewController.swift; sourceTree = "<group>"; };
		8582A64D1EFF30FF00483CDD /* ContentOperationConstants.swift */ = {isa = PBXFileReference; lastKnownFileType = sourcecode.swift; path = ContentOperationConstants.swift; sourceTree = "<group>"; };
		8582A6531F0088BA00483CDD /* DevicePhotoCollectionViewCell.swift */ = {isa = PBXFileReference; lastKnownFileType = sourcecode.swift; path = DevicePhotoCollectionViewCell.swift; sourceTree = "<group>"; };
		8582A6541F0088BA00483CDD /* DevicePhotoCollectionViewCell.xib */ = {isa = PBXFileReference; lastKnownFileType = file.xib; path = DevicePhotoCollectionViewCell.xib; sourceTree = "<group>"; };
		858773A71F2298F4004BFE27 /* QuestionPreviewView.swift */ = {isa = PBXFileReference; lastKnownFileType = sourcecode.swift; path = QuestionPreviewView.swift; sourceTree = "<group>"; };
		858773A91F2298FE004BFE27 /* QuestionPreviewView.xib */ = {isa = PBXFileReference; lastKnownFileType = file.xib; path = QuestionPreviewView.xib; sourceTree = "<group>"; };
		858773AD1F22A2CC004BFE27 /* ContentTitleWordsView.swift */ = {isa = PBXFileReference; lastKnownFileType = sourcecode.swift; path = ContentTitleWordsView.swift; sourceTree = "<group>"; };
		858773AF1F22A2DB004BFE27 /* ContentTitleWordsView.xib */ = {isa = PBXFileReference; lastKnownFileType = file.xib; path = ContentTitleWordsView.xib; sourceTree = "<group>"; };
		858773B51F22D8E2004BFE27 /* ReusableImageModalViewController.swift */ = {isa = PBXFileReference; lastKnownFileType = sourcecode.swift; path = ReusableImageModalViewController.swift; sourceTree = "<group>"; };
		858773B61F22D8E2004BFE27 /* ReusableImageModalViewController.xib */ = {isa = PBXFileReference; lastKnownFileType = file.xib; path = ReusableImageModalViewController.xib; sourceTree = "<group>"; };
		858773BA1F22F81E004BFE27 /* NotificationObjects.swift */ = {isa = PBXFileReference; lastKnownFileType = sourcecode.swift; path = NotificationObjects.swift; sourceTree = "<group>"; };
		8587D1BF1F0C512B009D18E9 /* FlyHomeViewController.swift */ = {isa = PBXFileReference; lastKnownFileType = sourcecode.swift; path = FlyHomeViewController.swift; sourceTree = "<group>"; };
		8587D1C21F0CA02F009D18E9 /* UserProfileHeaderView.swift */ = {isa = PBXFileReference; lastKnownFileType = sourcecode.swift; path = UserProfileHeaderView.swift; sourceTree = "<group>"; };
		8587D1C41F0CA03C009D18E9 /* UserProfileHeaderView.xib */ = {isa = PBXFileReference; lastKnownFileType = file.xib; path = UserProfileHeaderView.xib; sourceTree = "<group>"; };
		8595649C1EF64C2C000D0BC8 /* Base */ = {isa = PBXFileReference; lastKnownFileType = file.storyboard; name = Base; path = ContentFlow.storyboard; sourceTree = "<group>"; };
		8595649F1EF64C5E000D0BC8 /* Base */ = {isa = PBXFileReference; lastKnownFileType = file.storyboard; name = Base; path = Search.storyboard; sourceTree = "<group>"; };
		859564A21EF64CB2000D0BC8 /* Base */ = {isa = PBXFileReference; lastKnownFileType = file.storyboard; name = Base; path = Love.storyboard; sourceTree = "<group>"; };
		859564A51EF64CC7000D0BC8 /* Base */ = {isa = PBXFileReference; lastKnownFileType = file.storyboard; name = Base; path = Fly.storyboard; sourceTree = "<group>"; };
		859564A81EF64DA0000D0BC8 /* HomeContentViewController.swift */ = {isa = PBXFileReference; lastKnownFileType = sourcecode.swift; path = HomeContentViewController.swift; sourceTree = "<group>"; };
		859564AA1EF64E7A000D0BC8 /* HomeTabBarViewController.swift */ = {isa = PBXFileReference; lastKnownFileType = sourcecode.swift; path = HomeTabBarViewController.swift; sourceTree = "<group>"; };
		859564AD1EF6654E000D0BC8 /* MomentTableViewCell.swift */ = {isa = PBXFileReference; lastKnownFileType = sourcecode.swift; path = MomentTableViewCell.swift; sourceTree = "<group>"; };
		859564AE1EF6654E000D0BC8 /* MomentTableViewCell.xib */ = {isa = PBXFileReference; lastKnownFileType = file.xib; path = MomentTableViewCell.xib; sourceTree = "<group>"; };
		859564B11EF66608000D0BC8 /* ContentFlowNavigationTitleView.xib */ = {isa = PBXFileReference; lastKnownFileType = file.xib; path = ContentFlowNavigationTitleView.xib; sourceTree = "<group>"; };
		859564B31EF675B7000D0BC8 /* AskForSignInSignUpView.xib */ = {isa = PBXFileReference; lastKnownFileType = file.xib; path = AskForSignInSignUpView.xib; sourceTree = "<group>"; };
		859564B51EF675C7000D0BC8 /* AskForSignInSignUpView.swift */ = {isa = PBXFileReference; lastKnownFileType = sourcecode.swift; path = AskForSignInSignUpView.swift; sourceTree = "<group>"; };
		859564B91EF68176000D0BC8 /* AskForSignInSignUpDelegate.swift */ = {isa = PBXFileReference; lastKnownFileType = sourcecode.swift; path = AskForSignInSignUpDelegate.swift; sourceTree = "<group>"; };
		859564BD1EF682CF000D0BC8 /* SignInSignOutConstants.swift */ = {isa = PBXFileReference; lastKnownFileType = sourcecode.swift; path = SignInSignOutConstants.swift; sourceTree = "<group>"; };
		859B5F481F060FF0009A8762 /* LocationPickingViewController.swift */ = {isa = PBXFileReference; lastKnownFileType = sourcecode.swift; path = LocationPickingViewController.swift; sourceTree = "<group>"; };
		859B5F4A1F0615AE009A8762 /* GoogleLocation.swift */ = {isa = PBXFileReference; lastKnownFileType = sourcecode.swift; path = GoogleLocation.swift; sourceTree = "<group>"; };
		859B5F4C1F061F12009A8762 /* RattitLocationManager.swift */ = {isa = PBXFileReference; lastKnownFileType = sourcecode.swift; path = RattitLocationManager.swift; sourceTree = "<group>"; };
		85AC86C81F1D2DFA0093D9A3 /* ContentDisplayTableView.swift */ = {isa = PBXFileReference; lastKnownFileType = sourcecode.swift; path = ContentDisplayTableView.swift; sourceTree = "<group>"; };
		85AC86CA1F1D2E440093D9A3 /* ContentDisplayTableView.xib */ = {isa = PBXFileReference; lastKnownFileType = file.xib; path = ContentDisplayTableView.xib; sourceTree = "<group>"; };
		85BB89231F2D6ADF000F1CFD /* ComposeQuestionTableViewController.swift */ = {isa = PBXFileReference; lastKnownFileType = sourcecode.swift; path = ComposeQuestionTableViewController.swift; sourceTree = "<group>"; };
		85BB89251F2D6E94000F1CFD /* ReusableRatingStarsView.swift */ = {isa = PBXFileReference; lastKnownFileType = sourcecode.swift; path = ReusableRatingStarsView.swift; sourceTree = "<group>"; };
		85BB89271F2D6E9E000F1CFD /* ReusableRatingStarsView.xib */ = {isa = PBXFileReference; lastKnownFileType = file.xib; path = ReusableRatingStarsView.xib; sourceTree = "<group>"; };
		85C16E3A1F21347300D609DE /* FlyHomeViewNavBarTitleView.swift */ = {isa = PBXFileReference; lastKnownFileType = sourcecode.swift; path = FlyHomeViewNavBarTitleView.swift; sourceTree = "<group>"; };
		85C16E3C1F21349100D609DE /* FlyHomeViewNavBarTitleView.xib */ = {isa = PBXFileReference; lastKnownFileType = file.xib; path = FlyHomeViewNavBarTitleView.xib; sourceTree = "<group>"; };
		85C16E3E1F219C6C00D609DE /* QuestionTableViewCell.swift */ = {isa = PBXFileReference; lastKnownFileType = sourcecode.swift; path = QuestionTableViewCell.swift; sourceTree = "<group>"; };
		85C16E3F1F219C6C00D609DE /* QuestionTableViewCell.xib */ = {isa = PBXFileReference; lastKnownFileType = file.xib; path = QuestionTableViewCell.xib; sourceTree = "<group>"; };
		85C16E421F219C8C00D609DE /* AnswerTableViewCell.swift */ = {isa = PBXFileReference; lastKnownFileType = sourcecode.swift; path = AnswerTableViewCell.swift; sourceTree = "<group>"; };
		85C16E431F219C8C00D609DE /* AnswerTableViewCell.xib */ = {isa = PBXFileReference; lastKnownFileType = file.xib; path = AnswerTableViewCell.xib; sourceTree = "<group>"; };
		85E21A341EFA624C00D4F961 /* MainContent.swift */ = {isa = PBXFileReference; lastKnownFileType = sourcecode.swift; path = MainContent.swift; sourceTree = "<group>"; };
		85E21A361EFA668C00D4F961 /* Question.swift */ = {isa = PBXFileReference; lastKnownFileType = sourcecode.swift; path = Question.swift; sourceTree = "<group>"; };
		85E21A381EFA6C3900D4F961 /* Answer.swift */ = {isa = PBXFileReference; lastKnownFileType = sourcecode.swift; path = Answer.swift; sourceTree = "<group>"; };
		85E21A3A1EFA701400D4F961 /* RattitCollection.swift */ = {isa = PBXFileReference; lastKnownFileType = sourcecode.swift; path = RattitCollection.swift; sourceTree = "<group>"; };
		85E21A3C1EFA73E000D4F961 /* CommentForMoment.swift */ = {isa = PBXFileReference; lastKnownFileType = sourcecode.swift; path = CommentForMoment.swift; sourceTree = "<group>"; };
		85E21A3E1EFB4C4900D4F961 /* CommentForAnswer.swift */ = {isa = PBXFileReference; lastKnownFileType = sourcecode.swift; path = CommentForAnswer.swift; sourceTree = "<group>"; };
		85E21A401EFB4E7D00D4F961 /* RattitLocation.swift */ = {isa = PBXFileReference; lastKnownFileType = sourcecode.swift; path = RattitLocation.swift; sourceTree = "<group>"; };
		85E21A421EFB5A3400D4F961 /* RattitUserManager.swift */ = {isa = PBXFileReference; lastKnownFileType = sourcecode.swift; path = RattitUserManager.swift; sourceTree = "<group>"; };
		85E349611F2EFBFC00E1CED8 /* MomentDetailsViewController.swift */ = {isa = PBXFileReference; lastKnownFileType = sourcecode.swift; path = MomentDetailsViewController.swift; sourceTree = "<group>"; };
		85E349631F2EFC1600E1CED8 /* QuestionDetailsViewController.swift */ = {isa = PBXFileReference; lastKnownFileType = sourcecode.swift; path = QuestionDetailsViewController.swift; sourceTree = "<group>"; };
		85E349651F2EFC2500E1CED8 /* AnswerDetailsViewController.swift */ = {isa = PBXFileReference; lastKnownFileType = sourcecode.swift; path = AnswerDetailsViewController.swift; sourceTree = "<group>"; };
		85E349671F2EFECE00E1CED8 /* MomentDetailsTableViewCell.swift */ = {isa = PBXFileReference; lastKnownFileType = sourcecode.swift; path = MomentDetailsTableViewCell.swift; sourceTree = "<group>"; };
		85E349681F2EFECE00E1CED8 /* MomentDetailsTableViewCell.xib */ = {isa = PBXFileReference; lastKnownFileType = file.xib; path = MomentDetailsTableViewCell.xib; sourceTree = "<group>"; };
		85E3496B1F2F147500E1CED8 /* ContentFlowDelegate.swift */ = {isa = PBXFileReference; lastKnownFileType = sourcecode.swift; path = ContentFlowDelegate.swift; sourceTree = "<group>"; };
		85F058D41F0260D5008808CE /* ComposeContentManager.swift */ = {isa = PBXFileReference; lastKnownFileType = sourcecode.swift; path = ComposeContentManager.swift; sourceTree = "<group>"; };
		85F5C2061F2412F9007F0E8C /* UIImageViewExtensions.swift */ = {isa = PBXFileReference; lastKnownFileType = sourcecode.swift; path = UIImageViewExtensions.swift; sourceTree = "<group>"; };
		85F5C2081F245A3D007F0E8C /* QuestionOptionBar.swift */ = {isa = PBXFileReference; lastKnownFileType = sourcecode.swift; path = QuestionOptionBar.swift; sourceTree = "<group>"; };
		85F5C20A1F245A49007F0E8C /* QuestionOptionBar.xib */ = {isa = PBXFileReference; lastKnownFileType = file.xib; path = QuestionOptionBar.xib; sourceTree = "<group>"; };
		85F5C20C1F245F96007F0E8C /* QuestionManager.swift */ = {isa = PBXFileReference; lastKnownFileType = sourcecode.swift; path = QuestionManager.swift; sourceTree = "<group>"; };
		85F5C20E1F248242007F0E8C /* AnswerManager.swift */ = {isa = PBXFileReference; lastKnownFileType = sourcecode.swift; path = AnswerManager.swift; sourceTree = "<group>"; };
		85F5C2101F2482C9007F0E8C /* DataFlowManager.swift */ = {isa = PBXFileReference; lastKnownFileType = sourcecode.swift; path = DataFlowManager.swift; sourceTree = "<group>"; };
		85F5C2121F248558007F0E8C /* BaseContentManager.swift */ = {isa = PBXFileReference; lastKnownFileType = sourcecode.swift; path = BaseContentManager.swift; sourceTree = "<group>"; };
		85F5C2141F24AA9A007F0E8C /* DataFlowObjects.swift */ = {isa = PBXFileReference; lastKnownFileType = sourcecode.swift; path = DataFlowObjects.swift; sourceTree = "<group>"; };
		A7FD9D66EAB2321515655810 /* Pods-RattitTests.debug.xcconfig */ = {isa = PBXFileReference; includeInIndex = 1; lastKnownFileType = text.xcconfig; name = "Pods-RattitTests.debug.xcconfig"; path = "Pods/Target Support Files/Pods-RattitTests/Pods-RattitTests.debug.xcconfig"; sourceTree = "<group>"; };
		D36E614ACE838E16C8F5D85C /* Pods_RattitTests.framework */ = {isa = PBXFileReference; explicitFileType = wrapper.framework; includeInIndex = 0; path = Pods_RattitTests.framework; sourceTree = BUILT_PRODUCTS_DIR; };
		E121460B4EF7B5D2D894C3F5 /* Pods-Rattit.release.xcconfig */ = {isa = PBXFileReference; includeInIndex = 1; lastKnownFileType = text.xcconfig; name = "Pods-Rattit.release.xcconfig"; path = "Pods/Target Support Files/Pods-Rattit/Pods-Rattit.release.xcconfig"; sourceTree = "<group>"; };
		E5603CFEC7D4EDC5CDD41111 /* Pods-RattitTests.release.xcconfig */ = {isa = PBXFileReference; includeInIndex = 1; lastKnownFileType = text.xcconfig; name = "Pods-RattitTests.release.xcconfig"; path = "Pods/Target Support Files/Pods-RattitTests/Pods-RattitTests.release.xcconfig"; sourceTree = "<group>"; };
/* End PBXFileReference section */

/* Begin PBXFrameworksBuildPhase section */
		853851291EF4FBF600A8B2B5 /* Frameworks */ = {
			isa = PBXFrameworksBuildPhase;
			buildActionMask = 2147483647;
			files = (
				614BF873DE06C9145043FE48 /* Pods_Rattit.framework in Frameworks */,
			);
			runOnlyForDeploymentPostprocessing = 0;
		};
		853851401EF4FBF600A8B2B5 /* Frameworks */ = {
			isa = PBXFrameworksBuildPhase;
			buildActionMask = 2147483647;
			files = (
				6BBA130F33BF310813864C37 /* Pods_RattitTests.framework in Frameworks */,
			);
			runOnlyForDeploymentPostprocessing = 0;
		};
/* End PBXFrameworksBuildPhase section */

/* Begin PBXGroup section */
		85023FA51EF7286E00E785FD /* Managers */ = {
			isa = PBXGroup;
			children = (
				8549F0C91EFB870000385F1E /* Network */,
				85F5C2121F248558007F0E8C /* BaseContentManager.swift */,
				85023FA61EF728D100E785FD /* MomentManager.swift */,
				85F5C20C1F245F96007F0E8C /* QuestionManager.swift */,
				85F5C20E1F248242007F0E8C /* AnswerManager.swift */,
				85E21A421EFB5A3400D4F961 /* RattitUserManager.swift */,
				8549F0D01EFBC78E00385F1E /* GalleryManager.swift */,
				85F058D41F0260D5008808CE /* ComposeContentManager.swift */,
				859B5F4C1F061F12009A8762 /* RattitLocationManager.swift */,
				85F5C2101F2482C9007F0E8C /* DataFlowManager.swift */,
				8563C8171F32D6DB006FFE13 /* MomentCommentManager.swift */,
				8563C8191F32D6F1006FFE13 /* AnswerCommentManager.swift */,
			);
			path = Managers;
			sourceTree = "<group>";
		};
		85023FAA1EF76D3600E785FD /* Extensions */ = {
			isa = PBXGroup;
			children = (
				85023FAB1EF76D4700E785FD /* StringExtensions.swift */,
				8549F0C71EFB844B00385F1E /* DateExtensions.swift */,
				8549F0CE1EFBBF5D00385F1E /* RattitErrorExtensions.swift */,
				85F5C2061F2412F9007F0E8C /* UIImageViewExtensions.swift */,
			);
			path = Extensions;
			sourceTree = "<group>";
		};
		852C395A1EF5C8CE00C66C16 /* RattitInfo */ = {
			isa = PBXGroup;
			children = (
				852C395B1EF5C8E800C66C16 /* GoogleService-Info.plist */,
			);
			name = RattitInfo;
			sourceTree = "<group>";
		};
		852C395F1EF5D67A00C66C16 /* ViewControllers */ = {
			isa = PBXGroup;
			children = (
				85541E281F0E13D300EC91A7 /* CommonComponents */,
				8587D1BE1F0C50F3009D18E9 /* Fly */,
				855700DD1F00C7F70084356E /* ComposeNewContent */,
				859564A71EF64D54000D0BC8 /* ContentFlow */,
				852C39721EF5D9FD00C66C16 /* HomePage */,
				852C396E1EF5D79300C66C16 /* SignInSignOut */,
			);
			path = ViewControllers;
			sourceTree = "<group>";
		};
		852C39601EF5D68700C66C16 /* Storyboards */ = {
			isa = PBXGroup;
			children = (
				852C39691EF5D75B00C66C16 /* Base.lproj */,
			);
			path = Storyboards;
			sourceTree = "<group>";
		};
		852C39691EF5D75B00C66C16 /* Base.lproj */ = {
			isa = PBXGroup;
			children = (
				852C396A1EF5D75B00C66C16 /* LaunchScreen.storyboard */,
				852C396C1EF5D75B00C66C16 /* Main.storyboard */,
				852C396F1EF5D81A00C66C16 /* SignIn.storyboard */,
				8595649B1EF64C2C000D0BC8 /* ContentFlow.storyboard */,
				8595649E1EF64C5E000D0BC8 /* Search.storyboard */,
				859564A11EF64CB2000D0BC8 /* Love.storyboard */,
				859564A41EF64CC7000D0BC8 /* Fly.storyboard */,
			);
			path = Base.lproj;
			sourceTree = "<group>";
		};
		852C396E1EF5D79300C66C16 /* SignInSignOut */ = {
			isa = PBXGroup;
			children = (
				859564B51EF675C7000D0BC8 /* AskForSignInSignUpView.swift */,
				859564B31EF675B7000D0BC8 /* AskForSignInSignUpView.xib */,
				852C39751EF5DD7C00C66C16 /* EmailSignUpViewController.swift */,
			);
			path = SignInSignOut;
			sourceTree = "<group>";
		};
		852C39721EF5D9FD00C66C16 /* HomePage */ = {
			isa = PBXGroup;
			children = (
				859564AA1EF64E7A000D0BC8 /* HomeTabBarViewController.swift */,
			);
			path = HomePage;
			sourceTree = "<group>";
		};
		852C39771EF5E90700C66C16 /* AppManager */ = {
			isa = PBXGroup;
			children = (
				852C39781EF5E95400C66C16 /* UserStateManager.swift */,
				855C8CF71F2EBA44002CB301 /* AppInfoManager.swift */,
			);
			path = AppManager;
			sourceTree = "<group>";
		};
		853851231EF4FBF500A8B2B5 = {
			isa = PBXGroup;
			children = (
				852C395A1EF5C8CE00C66C16 /* RattitInfo */,
				8538512E1EF4FBF600A8B2B5 /* Rattit */,
				853851461EF4FBF600A8B2B5 /* RattitTests */,
				8538512D1EF4FBF600A8B2B5 /* Products */,
				CFE9040350056F06E0B6EC95 /* Pods */,
				BF3990149A4691D3B64C48B9 /* Frameworks */,
			);
			sourceTree = "<group>";
		};
		8538512D1EF4FBF600A8B2B5 /* Products */ = {
			isa = PBXGroup;
			children = (
				8538512C1EF4FBF600A8B2B5 /* Rattit.app */,
				853851431EF4FBF600A8B2B5 /* RattitTests.xctest */,
			);
			name = Products;
			sourceTree = "<group>";
		};
		8538512E1EF4FBF600A8B2B5 /* Rattit */ = {
			isa = PBXGroup;
			children = (
				85023FAA1EF76D3600E785FD /* Extensions */,
				85023FA51EF7286E00E785FD /* Managers */,
				853A3D1B1EF69E35008EA58E /* Models */,
				859564BC1EF6829E000D0BC8 /* Constants */,
				859564B81EF68156000D0BC8 /* Protocols */,
				852C39771EF5E90700C66C16 /* AppManager */,
				852C39601EF5D68700C66C16 /* Storyboards */,
				852C395F1EF5D67A00C66C16 /* ViewControllers */,
				8538512F1EF4FBF600A8B2B5 /* AppDelegate.swift */,
				853851391EF4FBF600A8B2B5 /* Assets.xcassets */,
				8538513E1EF4FBF600A8B2B5 /* Info.plist */,
				853851361EF4FBF600A8B2B5 /* Rattit.xcdatamodeld */,
			);
			path = Rattit;
			sourceTree = "<group>";
		};
		853851461EF4FBF600A8B2B5 /* RattitTests */ = {
			isa = PBXGroup;
			children = (
				853851471EF4FBF600A8B2B5 /* RattitTests.swift */,
				853851491EF4FBF600A8B2B5 /* Info.plist */,
			);
			path = RattitTests;
			sourceTree = "<group>";
		};
		853A3D1B1EF69E35008EA58E /* Models */ = {
			isa = PBXGroup;
			children = (
				858773B91F22F609004BFE27 /* DataWrappers */,
				853A3D1C1EF69E4C008EA58E /* Moment.swift */,
				853A3D1E1EF69F1C008EA58E /* Photo.swift */,
				85023FA11EF71E7600E785FD /* RattitUser.swift */,
				85E21A341EFA624C00D4F961 /* MainContent.swift */,
				85E21A361EFA668C00D4F961 /* Question.swift */,
				85E21A381EFA6C3900D4F961 /* Answer.swift */,
				85E21A3A1EFA701400D4F961 /* RattitCollection.swift */,
				85E21A3C1EFA73E000D4F961 /* CommentForMoment.swift */,
				85E21A3E1EFB4C4900D4F961 /* CommentForAnswer.swift */,
				85E21A401EFB4E7D00D4F961 /* RattitLocation.swift */,
				859B5F4A1F0615AE009A8762 /* GoogleLocation.swift */,
				8502C5DA1F37E602001117D0 /* VoteForMoment.swift */,
				8502C5DC1F37E611001117D0 /* VoteForQuestion.swift */,
				8502C5DE1F37E61E001117D0 /* VoteForAnswer.swift */,
			);
			path = Models;
			sourceTree = "<group>";
		};
		8549F0C91EFB870000385F1E /* Network */ = {
			isa = PBXGroup;
			children = (
				8549F0CA1EFB877800385F1E /* Network.swift */,
				8549F0CC1EFB878F00385F1E /* CommonRequest.swift */,
			);
			path = Network;
			sourceTree = "<group>";
		};
		8549F0D81EFCB67C00385F1E /* Components */ = {
			isa = PBXGroup;
			children = (
				859564B11EF66608000D0BC8 /* ContentFlowNavigationTitleView.xib */,
				8549F0D41EFC992400385F1E /* PhotoScrollView.swift */,
				8549F0D21EFC990600385F1E /* PhotoScrollView.xib */,
				8549F0D91EFCB85400385F1E /* MainContentHeaderView.swift */,
				8549F0D61EFCB66E00385F1E /* MainContentHeaderView.xib */,
				8549F0DD1EFCCB1900385F1E /* MomentOptionBar.swift */,
				8549F0DB1EFCCAF900385F1E /* MomentOptionBar.xib */,
				858773A71F2298F4004BFE27 /* QuestionPreviewView.swift */,
				858773A91F2298FE004BFE27 /* QuestionPreviewView.xib */,
				858773AD1F22A2CC004BFE27 /* ContentTitleWordsView.swift */,
				858773AF1F22A2DB004BFE27 /* ContentTitleWordsView.xib */,
				85F5C2081F245A3D007F0E8C /* QuestionOptionBar.swift */,
				85F5C20A1F245A49007F0E8C /* QuestionOptionBar.xib */,
				856A82401F257B9F00D59ED6 /* AnswerOptionBar.swift */,
				856A82421F257BAC00D59ED6 /* AnswerOptionBar.xib */,
				856A82441F25BB1400D59ED6 /* AnswerPreviewView.swift */,
				856A82461F25BB2300D59ED6 /* AnswerPreviewView.xib */,
			);
			path = Components;
			sourceTree = "<group>";
		};
		85541E281F0E13D300EC91A7 /* CommonComponents */ = {
			isa = PBXGroup;
			children = (
				8582A6451EFE326000483CDD /* ReusableNavBarItemView.swift */,
				8582A6431EFE319600483CDD /* ReusableNavBarItemView.xib */,
				852113F51F0F89FA00830F13 /* ReusableUserTableViewCell.swift */,
				852113F61F0F89FA00830F13 /* ReusableUserTableViewCell.xib */,
				858773B51F22D8E2004BFE27 /* ReusableImageModalViewController.swift */,
				858773B61F22D8E2004BFE27 /* ReusableImageModalViewController.xib */,
				857197E01F265C0B00D3C4FC /* ReusableFollowingButtonView.swift */,
				857197E21F265C1500D3C4FC /* ReusableFollowingButtonView.xib */,
				857197DC1F26528200D3C4FC /* ReusableFriendProfileHeaderView.swift */,
				857197DE1F26528F00D3C4FC /* ReusableFriendProfileHeaderView.xib */,
				857197E41F26DAB100D3C4FC /* ReusableFriendProfileViewController.swift */,
				857197E51F26DAB100D3C4FC /* ReusableFriendProfileViewController.xib */,
				857197E81F273A0B00D3C4FC /* ReusableFollowListViewController.swift */,
				857197E91F273A0B00D3C4FC /* ReusableFollowListViewController.xib */,
				857197EE1F28447400D3C4FC /* ReusableRightNavBarItemViewForProfileVC.swift */,
				857197EC1F28446300D3C4FC /* ReusableRightNavBarItemViewForProfileVC.xib */,
				85BB89251F2D6E94000F1CFD /* ReusableRatingStarsView.swift */,
				85BB89271F2D6E9E000F1CFD /* ReusableRatingStarsView.xib */,
				855EBEED1F2D7FED00E6797F /* ReusablePlaceHolderTextView.swift */,
				855EBEEF1F2D802C00E6797F /* ReusablePlaceHolderTextView.xib */,
				855EBEF51F2E9BB600E6797F /* ReusableCameraView.swift */,
				855EBEF71F2E9BC600E6797F /* ReusableCameraView.xib */,
				855700E11F00C8AB0084356E /* ReusableCapturedPhotoView.swift */,
				855700DF1F00C88D0084356E /* ReusableCapturedPhotoView.xib */,
				8502C5D01F34EFE5001117D0 /* ReusableGrowingTextView.swift */,
				8502C5D61F3520EF001117D0 /* ReusableKeyboardObservingView.swift */,
				8502C5D21F34FC40001117D0 /* ReusableGrowingTextInputBar.swift */,
			);
			path = CommonComponents;
			sourceTree = "<group>";
		};
		855700DD1F00C7F70084356E /* ComposeNewContent */ = {
			isa = PBXGroup;
			children = (
				855700DE1F00C8150084356E /* Components */,
				8582A64B1EFE419F00483CDD /* ComposeImageViewController.swift */,
				8533DF351F041AD10026C437 /* ComposeTextTableViewController.swift */,
				859B5F481F060FF0009A8762 /* LocationPickingViewController.swift */,
				8503D21B1F07871D0053D639 /* FindTogetherWithViewController.swift */,
				85BB89231F2D6ADF000F1CFD /* ComposeQuestionTableViewController.swift */,
				855C8CF91F2EC060002CB301 /* ImagePickerViewController.swift */,
			);
			path = ComposeNewContent;
			sourceTree = "<group>";
		};
		855700DE1F00C8150084356E /* Components */ = {
			isa = PBXGroup;
			children = (
				8582A6531F0088BA00483CDD /* DevicePhotoCollectionViewCell.swift */,
				8582A6541F0088BA00483CDD /* DevicePhotoCollectionViewCell.xib */,
				851FBC621F0A4580000DEB50 /* PickedUserTogetherWithView.swift */,
				851FBC601F0A4564000DEB50 /* PickedUserTogetherWithView.xib */,
			);
			path = Components;
			sourceTree = "<group>";
		};
		858773B91F22F609004BFE27 /* DataWrappers */ = {
			isa = PBXGroup;
			children = (
				858773BA1F22F81E004BFE27 /* NotificationObjects.swift */,
				85F5C2141F24AA9A007F0E8C /* DataFlowObjects.swift */,
			);
			path = DataWrappers;
			sourceTree = "<group>";
		};
		8587D1BE1F0C50F3009D18E9 /* Fly */ = {
			isa = PBXGroup;
			children = (
				8587D1C11F0C9FEE009D18E9 /* Components */,
				8587D1BF1F0C512B009D18E9 /* FlyHomeViewController.swift */,
			);
			path = Fly;
			sourceTree = "<group>";
		};
		8587D1C11F0C9FEE009D18E9 /* Components */ = {
			isa = PBXGroup;
			children = (
				8587D1C21F0CA02F009D18E9 /* UserProfileHeaderView.swift */,
				8587D1C41F0CA03C009D18E9 /* UserProfileHeaderView.xib */,
				85541E261F0CE46000EC91A7 /* SlidingTabMenuBarView.swift */,
				85541E241F0CE45400EC91A7 /* SlidingTabMenuBarView.xib */,
				85AC86C81F1D2DFA0093D9A3 /* ContentDisplayTableView.swift */,
				85AC86CA1F1D2E440093D9A3 /* ContentDisplayTableView.xib */,
				85C16E3A1F21347300D609DE /* FlyHomeViewNavBarTitleView.swift */,
				85C16E3C1F21349100D609DE /* FlyHomeViewNavBarTitleView.xib */,
			);
			path = Components;
			sourceTree = "<group>";
		};
		859564A71EF64D54000D0BC8 /* ContentFlow */ = {
			isa = PBXGroup;
			children = (
				8549F0D81EFCB67C00385F1E /* Components */,
				859564A81EF64DA0000D0BC8 /* HomeContentViewController.swift */,
				859564AD1EF6654E000D0BC8 /* MomentTableViewCell.swift */,
				859564AE1EF6654E000D0BC8 /* MomentTableViewCell.xib */,
				85C16E3E1F219C6C00D609DE /* QuestionTableViewCell.swift */,
				85C16E3F1F219C6C00D609DE /* QuestionTableViewCell.xib */,
				85C16E421F219C8C00D609DE /* AnswerTableViewCell.swift */,
				85C16E431F219C8C00D609DE /* AnswerTableViewCell.xib */,
				85E349611F2EFBFC00E1CED8 /* MomentDetailsViewController.swift */,
				85E349631F2EFC1600E1CED8 /* QuestionDetailsViewController.swift */,
				85E349651F2EFC2500E1CED8 /* AnswerDetailsViewController.swift */,
				85E349671F2EFECE00E1CED8 /* MomentDetailsTableViewCell.swift */,
				85E349681F2EFECE00E1CED8 /* MomentDetailsTableViewCell.xib */,
				855C4DF41F30DE7D0080468D /* QuestionDetailsTableViewCell.swift */,
				855C4DF51F30DE7D0080468D /* QuestionDetailsTableViewCell.xib */,
				8564FDE01F31C64100900D52 /* AnswerDetailsVCNavTitleBarView.swift */,
				8564FDE21F31C65500900D52 /* AnswerDetailsVCNavTitleBarView.xib */,
				8563C8071F323824006FFE13 /* MomentCommentTableViewCell.swift */,
				8563C8081F323824006FFE13 /* MomentCommentTableViewCell.xib */,
				8563C80B1F323858006FFE13 /* MomentCommentReplyTableViewCell.swift */,
				8563C80C1F323858006FFE13 /* MomentCommentReplyTableViewCell.xib */,
				8563C8131F32CF62006FFE13 /* AnswerBriefTableViewCell.swift */,
				8563C8141F32CF62006FFE13 /* AnswerBriefTableViewCell.xib */,
			);
			path = ContentFlow;
			sourceTree = "<group>";
		};
		859564B81EF68156000D0BC8 /* Protocols */ = {
			isa = PBXGroup;
			children = (
				859564B91EF68176000D0BC8 /* AskForSignInSignUpDelegate.swift */,
				850779B11F03777D00598D60 /* ComposeContentDelegate.swift */,
				852113F91F0F952000830F13 /* ReusableUserCellDelegate.swift */,
				857197F01F28688000D3C4FC /* SlideTableHeaderDelegate.swift */,
				85E3496B1F2F147500E1CED8 /* ContentFlowDelegate.swift */,
				8502C5D81F35230D001117D0 /* ReusableGrowingTextInputBarDelegate.swift */,
			);
			path = Protocols;
			sourceTree = "<group>";
		};
		859564BC1EF6829E000D0BC8 /* Constants */ = {
			isa = PBXGroup;
			children = (
				859564BD1EF682CF000D0BC8 /* SignInSignOutConstants.swift */,
				85023FA31EF71F2700E785FD /* DataModelConstants.swift */,
				85023FA81EF72E2100E785FD /* NetworkConstants.swift */,
				8582A64D1EFF30FF00483CDD /* ContentOperationConstants.swift */,
				852113F31F0F7E7500830F13 /* StyleConstants.swift */,
			);
			path = Constants;
			sourceTree = "<group>";
		};
		BF3990149A4691D3B64C48B9 /* Frameworks */ = {
			isa = PBXGroup;
			children = (
				0F361B6012D8EDE55A8FF743 /* Pods_Rattit.framework */,
				D36E614ACE838E16C8F5D85C /* Pods_RattitTests.framework */,
			);
			name = Frameworks;
			sourceTree = "<group>";
		};
		CFE9040350056F06E0B6EC95 /* Pods */ = {
			isa = PBXGroup;
			children = (
				2D1FF0439B7E2EA215D472D2 /* Pods-Rattit.debug.xcconfig */,
				E121460B4EF7B5D2D894C3F5 /* Pods-Rattit.release.xcconfig */,
				A7FD9D66EAB2321515655810 /* Pods-RattitTests.debug.xcconfig */,
				E5603CFEC7D4EDC5CDD41111 /* Pods-RattitTests.release.xcconfig */,
			);
			name = Pods;
			sourceTree = "<group>";
		};
/* End PBXGroup section */

/* Begin PBXNativeTarget section */
		8538512B1EF4FBF600A8B2B5 /* Rattit */ = {
			isa = PBXNativeTarget;
			buildConfigurationList = 8538514C1EF4FBF600A8B2B5 /* Build configuration list for PBXNativeTarget "Rattit" */;
			buildPhases = (
				5E076195DA6AB9A527887430 /* [CP] Check Pods Manifest.lock */,
				853851281EF4FBF600A8B2B5 /* Sources */,
				853851291EF4FBF600A8B2B5 /* Frameworks */,
				8538512A1EF4FBF600A8B2B5 /* Resources */,
				844F74E085922F1DCFD42243 /* [CP] Embed Pods Frameworks */,
				01C38465792B349296DE5806 /* [CP] Copy Pods Resources */,
			);
			buildRules = (
			);
			dependencies = (
			);
			name = Rattit;
			productName = Rattit;
			productReference = 8538512C1EF4FBF600A8B2B5 /* Rattit.app */;
			productType = "com.apple.product-type.application";
		};
		853851421EF4FBF600A8B2B5 /* RattitTests */ = {
			isa = PBXNativeTarget;
			buildConfigurationList = 8538514F1EF4FBF600A8B2B5 /* Build configuration list for PBXNativeTarget "RattitTests" */;
			buildPhases = (
				ED2DDC98483132B22A8AD68B /* [CP] Check Pods Manifest.lock */,
				8538513F1EF4FBF600A8B2B5 /* Sources */,
				853851401EF4FBF600A8B2B5 /* Frameworks */,
				853851411EF4FBF600A8B2B5 /* Resources */,
				F23BE9315C8A8F48F51EB61A /* [CP] Embed Pods Frameworks */,
				4120E1436984D2BF3AC3EE4B /* [CP] Copy Pods Resources */,
			);
			buildRules = (
			);
			dependencies = (
				853851451EF4FBF600A8B2B5 /* PBXTargetDependency */,
			);
			name = RattitTests;
			productName = RattitTests;
			productReference = 853851431EF4FBF600A8B2B5 /* RattitTests.xctest */;
			productType = "com.apple.product-type.bundle.unit-test";
		};
/* End PBXNativeTarget section */

/* Begin PBXProject section */
		853851241EF4FBF500A8B2B5 /* Project object */ = {
			isa = PBXProject;
			attributes = {
				LastSwiftUpdateCheck = 0830;
				LastUpgradeCheck = 0830;
				ORGANIZATIONNAME = KaileDing;
				TargetAttributes = {
					8538512B1EF4FBF600A8B2B5 = {
						CreatedOnToolsVersion = 8.3.3;
						DevelopmentTeam = XYNA997C9P;
						ProvisioningStyle = Automatic;
					};
					853851421EF4FBF600A8B2B5 = {
						CreatedOnToolsVersion = 8.3.3;
						DevelopmentTeam = XYNA997C9P;
						ProvisioningStyle = Automatic;
						TestTargetID = 8538512B1EF4FBF600A8B2B5;
					};
				};
			};
			buildConfigurationList = 853851271EF4FBF500A8B2B5 /* Build configuration list for PBXProject "Rattit" */;
			compatibilityVersion = "Xcode 3.2";
			developmentRegion = English;
			hasScannedForEncodings = 0;
			knownRegions = (
				en,
				Base,
			);
			mainGroup = 853851231EF4FBF500A8B2B5;
			productRefGroup = 8538512D1EF4FBF600A8B2B5 /* Products */;
			projectDirPath = "";
			projectRoot = "";
			targets = (
				8538512B1EF4FBF600A8B2B5 /* Rattit */,
				853851421EF4FBF600A8B2B5 /* RattitTests */,
			);
		};
/* End PBXProject section */

/* Begin PBXResourcesBuildPhase section */
		8538512A1EF4FBF600A8B2B5 /* Resources */ = {
			isa = PBXResourcesBuildPhase;
			buildActionMask = 2147483647;
			files = (
				85F5C20B1F245A49007F0E8C /* QuestionOptionBar.xib in Resources */,
				85541E251F0CE45400EC91A7 /* SlidingTabMenuBarView.xib in Resources */,
				859564A61EF64CC7000D0BC8 /* Fly.storyboard in Resources */,
				857197E31F265C1500D3C4FC /* ReusableFollowingButtonView.xib in Resources */,
				855EBEF81F2E9BC600E6797F /* ReusableCameraView.xib in Resources */,
				85BB89281F2D6E9E000F1CFD /* ReusableRatingStarsView.xib in Resources */,
				8582A6561F0088BA00483CDD /* DevicePhotoCollectionViewCell.xib in Resources */,
				855700E01F00C88D0084356E /* ReusableCapturedPhotoView.xib in Resources */,
				8595649D1EF64C2C000D0BC8 /* ContentFlow.storyboard in Resources */,
				855EBEF01F2D802C00E6797F /* ReusablePlaceHolderTextView.xib in Resources */,
				852C395C1EF5C8F400C66C16 /* GoogleService-Info.plist in Resources */,
				852C39711EF5D81A00C66C16 /* SignIn.storyboard in Resources */,
				8538513A1EF4FBF600A8B2B5 /* Assets.xcassets in Resources */,
				8563C80A1F323824006FFE13 /* MomentCommentTableViewCell.xib in Resources */,
				859564A31EF64CB2000D0BC8 /* Love.storyboard in Resources */,
				859564A01EF64C5E000D0BC8 /* Search.storyboard in Resources */,
				858773AA1F2298FE004BFE27 /* QuestionPreviewView.xib in Resources */,
				8549F0D31EFC990600385F1E /* PhotoScrollView.xib in Resources */,
				857197EB1F273A0B00D3C4FC /* ReusableFollowListViewController.xib in Resources */,
				851FBC611F0A4564000DEB50 /* PickedUserTogetherWithView.xib in Resources */,
				8582A6441EFE319600483CDD /* ReusableNavBarItemView.xib in Resources */,
				85E3496A1F2EFECE00E1CED8 /* MomentDetailsTableViewCell.xib in Resources */,
				85C16E3D1F21349100D609DE /* FlyHomeViewNavBarTitleView.xib in Resources */,
				857197DF1F26528F00D3C4FC /* ReusableFriendProfileHeaderView.xib in Resources */,
				85AC86CB1F1D2E440093D9A3 /* ContentDisplayTableView.xib in Resources */,
				8564FDE31F31C65500900D52 /* AnswerDetailsVCNavTitleBarView.xib in Resources */,
				859564B01EF6654E000D0BC8 /* MomentTableViewCell.xib in Resources */,
				8563C80E1F323858006FFE13 /* MomentCommentReplyTableViewCell.xib in Resources */,
				852C397B1EF5ED7E00C66C16 /* LaunchScreen.storyboard in Resources */,
				856A82471F25BB2300D59ED6 /* AnswerPreviewView.xib in Resources */,
				856A82431F257BAC00D59ED6 /* AnswerOptionBar.xib in Resources */,
				858773B81F22D8E2004BFE27 /* ReusableImageModalViewController.xib in Resources */,
				852C397A1EF5ED7700C66C16 /* Main.storyboard in Resources */,
				857197ED1F28446300D3C4FC /* ReusableRightNavBarItemViewForProfileVC.xib in Resources */,
				8549F0D71EFCB66E00385F1E /* MainContentHeaderView.xib in Resources */,
				852113F81F0F89FA00830F13 /* ReusableUserTableViewCell.xib in Resources */,
				858773B01F22A2DB004BFE27 /* ContentTitleWordsView.xib in Resources */,
				859564B41EF675B7000D0BC8 /* AskForSignInSignUpView.xib in Resources */,
				85C16E451F219C8C00D609DE /* AnswerTableViewCell.xib in Resources */,
				8587D1C51F0CA03C009D18E9 /* UserProfileHeaderView.xib in Resources */,
				859564B21EF66608000D0BC8 /* ContentFlowNavigationTitleView.xib in Resources */,
				855C4DF71F30DE7D0080468D /* QuestionDetailsTableViewCell.xib in Resources */,
				85C16E411F219C6C00D609DE /* QuestionTableViewCell.xib in Resources */,
				8549F0DC1EFCCAF900385F1E /* MomentOptionBar.xib in Resources */,
				8563C8151F32CFE4006FFE13 /* AnswerBriefTableViewCell.xib in Resources */,
				857197E71F26DAB100D3C4FC /* ReusableFriendProfileViewController.xib in Resources */,
			);
			runOnlyForDeploymentPostprocessing = 0;
		};
		853851411EF4FBF600A8B2B5 /* Resources */ = {
			isa = PBXResourcesBuildPhase;
			buildActionMask = 2147483647;
			files = (
				852C395D1EF5C9C100C66C16 /* GoogleService-Info.plist in Resources */,
			);
			runOnlyForDeploymentPostprocessing = 0;
		};
/* End PBXResourcesBuildPhase section */

/* Begin PBXShellScriptBuildPhase section */
		01C38465792B349296DE5806 /* [CP] Copy Pods Resources */ = {
			isa = PBXShellScriptBuildPhase;
			buildActionMask = 2147483647;
			files = (
			);
			inputPaths = (
			);
			name = "[CP] Copy Pods Resources";
			outputPaths = (
			);
			runOnlyForDeploymentPostprocessing = 0;
			shellPath = /bin/sh;
			shellScript = "\"${SRCROOT}/Pods/Target Support Files/Pods-Rattit/Pods-Rattit-resources.sh\"\n";
			showEnvVarsInLog = 0;
		};
		4120E1436984D2BF3AC3EE4B /* [CP] Copy Pods Resources */ = {
			isa = PBXShellScriptBuildPhase;
			buildActionMask = 2147483647;
			files = (
			);
			inputPaths = (
			);
			name = "[CP] Copy Pods Resources";
			outputPaths = (
			);
			runOnlyForDeploymentPostprocessing = 0;
			shellPath = /bin/sh;
			shellScript = "\"${SRCROOT}/Pods/Target Support Files/Pods-RattitTests/Pods-RattitTests-resources.sh\"\n";
			showEnvVarsInLog = 0;
		};
		5E076195DA6AB9A527887430 /* [CP] Check Pods Manifest.lock */ = {
			isa = PBXShellScriptBuildPhase;
			buildActionMask = 2147483647;
			files = (
			);
			inputPaths = (
			);
			name = "[CP] Check Pods Manifest.lock";
			outputPaths = (
			);
			runOnlyForDeploymentPostprocessing = 0;
			shellPath = /bin/sh;
			shellScript = "diff \"${PODS_PODFILE_DIR_PATH}/Podfile.lock\" \"${PODS_ROOT}/Manifest.lock\" > /dev/null\nif [ $? != 0 ] ; then\n    # print error to STDERR\n    echo \"error: The sandbox is not in sync with the Podfile.lock. Run 'pod install' or update your CocoaPods installation.\" >&2\n    exit 1\nfi\n";
			showEnvVarsInLog = 0;
		};
		844F74E085922F1DCFD42243 /* [CP] Embed Pods Frameworks */ = {
			isa = PBXShellScriptBuildPhase;
			buildActionMask = 2147483647;
			files = (
			);
			inputPaths = (
			);
			name = "[CP] Embed Pods Frameworks";
			outputPaths = (
			);
			runOnlyForDeploymentPostprocessing = 0;
			shellPath = /bin/sh;
			shellScript = "\"${SRCROOT}/Pods/Target Support Files/Pods-Rattit/Pods-Rattit-frameworks.sh\"\n";
			showEnvVarsInLog = 0;
		};
		ED2DDC98483132B22A8AD68B /* [CP] Check Pods Manifest.lock */ = {
			isa = PBXShellScriptBuildPhase;
			buildActionMask = 2147483647;
			files = (
			);
			inputPaths = (
			);
			name = "[CP] Check Pods Manifest.lock";
			outputPaths = (
			);
			runOnlyForDeploymentPostprocessing = 0;
			shellPath = /bin/sh;
			shellScript = "diff \"${PODS_PODFILE_DIR_PATH}/Podfile.lock\" \"${PODS_ROOT}/Manifest.lock\" > /dev/null\nif [ $? != 0 ] ; then\n    # print error to STDERR\n    echo \"error: The sandbox is not in sync with the Podfile.lock. Run 'pod install' or update your CocoaPods installation.\" >&2\n    exit 1\nfi\n";
			showEnvVarsInLog = 0;
		};
		F23BE9315C8A8F48F51EB61A /* [CP] Embed Pods Frameworks */ = {
			isa = PBXShellScriptBuildPhase;
			buildActionMask = 2147483647;
			files = (
			);
			inputPaths = (
			);
			name = "[CP] Embed Pods Frameworks";
			outputPaths = (
			);
			runOnlyForDeploymentPostprocessing = 0;
			shellPath = /bin/sh;
			shellScript = "\"${SRCROOT}/Pods/Target Support Files/Pods-RattitTests/Pods-RattitTests-frameworks.sh\"\n";
			showEnvVarsInLog = 0;
		};
/* End PBXShellScriptBuildPhase section */

/* Begin PBXSourcesBuildPhase section */
		853851281EF4FBF600A8B2B5 /* Sources */ = {
			isa = PBXSourcesBuildPhase;
			buildActionMask = 2147483647;
			files = (
				853A3D1F1EF69F1C008EA58E /* Photo.swift in Sources */,
				859564BA1EF68176000D0BC8 /* AskForSignInSignUpDelegate.swift in Sources */,
				859564AB1EF64E7A000D0BC8 /* HomeTabBarViewController.swift in Sources */,
				8502C5DF1F37E61E001117D0 /* VoteForAnswer.swift in Sources */,
				85F5C20D1F245F96007F0E8C /* QuestionManager.swift in Sources */,
				858773A81F2298F4004BFE27 /* QuestionPreviewView.swift in Sources */,
				856A82451F25BB1400D59ED6 /* AnswerPreviewView.swift in Sources */,
				8563C80D1F323858006FFE13 /* MomentCommentReplyTableViewCell.swift in Sources */,
				859564A91EF64DA0000D0BC8 /* HomeContentViewController.swift in Sources */,
				85E21A351EFA624C00D4F961 /* MainContent.swift in Sources */,
				8549F0DA1EFCB85400385F1E /* MainContentHeaderView.swift in Sources */,
				85C16E3B1F21347300D609DE /* FlyHomeViewNavBarTitleView.swift in Sources */,
				851FBC631F0A4580000DEB50 /* PickedUserTogetherWithView.swift in Sources */,
				85023FA21EF71E7600E785FD /* RattitUser.swift in Sources */,
				856A82411F257B9F00D59ED6 /* AnswerOptionBar.swift in Sources */,
				85E21A3F1EFB4C4900D4F961 /* CommentForAnswer.swift in Sources */,
				850779B21F03777D00598D60 /* ComposeContentDelegate.swift in Sources */,
				858773AE1F22A2CC004BFE27 /* ContentTitleWordsView.swift in Sources */,
				85F5C2111F2482C9007F0E8C /* DataFlowManager.swift in Sources */,
				85E21A431EFB5A3400D4F961 /* RattitUserManager.swift in Sources */,
				85541E271F0CE46000EC91A7 /* SlidingTabMenuBarView.swift in Sources */,
				8503D21C1F07871D0053D639 /* FindTogetherWithViewController.swift in Sources */,
				85E3496C1F2F147500E1CED8 /* ContentFlowDelegate.swift in Sources */,
				8533DF361F041AD10026C437 /* ComposeTextTableViewController.swift in Sources */,
				859564AF1EF6654E000D0BC8 /* MomentTableViewCell.swift in Sources */,
				852113F71F0F89FA00830F13 /* ReusableUserTableViewCell.swift in Sources */,
				85E21A391EFA6C3900D4F961 /* Answer.swift in Sources */,
				85C16E441F219C8C00D609DE /* AnswerTableViewCell.swift in Sources */,
				8587D1C31F0CA02F009D18E9 /* UserProfileHeaderView.swift in Sources */,
				853851301EF4FBF600A8B2B5 /* AppDelegate.swift in Sources */,
				8587D1C01F0C512B009D18E9 /* FlyHomeViewController.swift in Sources */,
				8564FDE11F31C64100900D52 /* AnswerDetailsVCNavTitleBarView.swift in Sources */,
				85BB89241F2D6ADF000F1CFD /* ComposeQuestionTableViewController.swift in Sources */,
				8549F0D51EFC992400385F1E /* PhotoScrollView.swift in Sources */,
				8563C81A1F32D6F1006FFE13 /* AnswerCommentManager.swift in Sources */,
				855700E21F00C8AB0084356E /* ReusableCapturedPhotoView.swift in Sources */,
				852113F41F0F7E7500830F13 /* StyleConstants.swift in Sources */,
				85E349641F2EFC1600E1CED8 /* QuestionDetailsViewController.swift in Sources */,
				857197EA1F273A0B00D3C4FC /* ReusableFollowListViewController.swift in Sources */,
				859B5F4D1F061F12009A8762 /* RattitLocationManager.swift in Sources */,
				85F5C20F1F248242007F0E8C /* AnswerManager.swift in Sources */,
				857197E61F26DAB100D3C4FC /* ReusableFriendProfileViewController.swift in Sources */,
				858773BB1F22F81E004BFE27 /* NotificationObjects.swift in Sources */,
				85BB89261F2D6E94000F1CFD /* ReusableRatingStarsView.swift in Sources */,
				857197E11F265C0B00D3C4FC /* ReusableFollowingButtonView.swift in Sources */,
				8502C5D71F3520EF001117D0 /* ReusableKeyboardObservingView.swift in Sources */,
				857197DD1F26528200D3C4FC /* ReusableFriendProfileHeaderView.swift in Sources */,
				855C4DF61F30DE7D0080468D /* QuestionDetailsTableViewCell.swift in Sources */,
				8502C5D91F35230D001117D0 /* ReusableGrowingTextInputBarDelegate.swift in Sources */,
				8582A64C1EFE419F00483CDD /* ComposeImageViewController.swift in Sources */,
				85023FA71EF728D100E785FD /* MomentManager.swift in Sources */,
				85E349691F2EFECE00E1CED8 /* MomentDetailsTableViewCell.swift in Sources */,
				85023FA91EF72E2100E785FD /* NetworkConstants.swift in Sources */,
				8563C8161F32CFE8006FFE13 /* AnswerBriefTableViewCell.swift in Sources */,
				8502C5D31F34FC40001117D0 /* ReusableGrowingTextInputBar.swift in Sources */,
				85023FA41EF71F2700E785FD /* DataModelConstants.swift in Sources */,
				8582A64E1EFF30FF00483CDD /* ContentOperationConstants.swift in Sources */,
				85E349621F2EFBFC00E1CED8 /* MomentDetailsViewController.swift in Sources */,
				853851381EF4FBF600A8B2B5 /* Rattit.xcdatamodeld in Sources */,
				85E21A3D1EFA73E000D4F961 /* CommentForMoment.swift in Sources */,
				859564BE1EF682CF000D0BC8 /* SignInSignOutConstants.swift in Sources */,
				85E21A411EFB4E7D00D4F961 /* RattitLocation.swift in Sources */,
				8502C5DB1F37E602001117D0 /* VoteForMoment.swift in Sources */,
				85AC86C91F1D2DFA0093D9A3 /* ContentDisplayTableView.swift in Sources */,
				859B5F491F060FF0009A8762 /* LocationPickingViewController.swift in Sources */,
				85F5C2151F24AA9A007F0E8C /* DataFlowObjects.swift in Sources */,
				8549F0CD1EFB878F00385F1E /* CommonRequest.swift in Sources */,
				85E21A371EFA668C00D4F961 /* Question.swift in Sources */,
				8549F0DE1EFCCB1900385F1E /* MomentOptionBar.swift in Sources */,
				852C39791EF5E95400C66C16 /* UserStateManager.swift in Sources */,
				857197EF1F28447400D3C4FC /* ReusableRightNavBarItemViewForProfileVC.swift in Sources */,
				8563C8091F323824006FFE13 /* MomentCommentTableViewCell.swift in Sources */,
				855C8CF81F2EBA44002CB301 /* AppInfoManager.swift in Sources */,
				85C16E401F219C6C00D609DE /* QuestionTableViewCell.swift in Sources */,
				855EBEF61F2E9BB700E6797F /* ReusableCameraView.swift in Sources */,
				859564B61EF675C7000D0BC8 /* AskForSignInSignUpView.swift in Sources */,
				853A3D1D1EF69E4C008EA58E /* Moment.swift in Sources */,
				858773B71F22D8E2004BFE27 /* ReusableImageModalViewController.swift in Sources */,
				855C8CFA1F2EC060002CB301 /* ImagePickerViewController.swift in Sources */,
				8502C5D11F34EFE5001117D0 /* ReusableGrowingTextView.swift in Sources */,
				852C39761EF5DD7C00C66C16 /* EmailSignUpViewController.swift in Sources */,
				852113FA1F0F952000830F13 /* ReusableUserCellDelegate.swift in Sources */,
				8549F0D11EFBC78E00385F1E /* GalleryManager.swift in Sources */,
				8549F0CB1EFB877800385F1E /* Network.swift in Sources */,
				85E21A3B1EFA701400D4F961 /* RattitCollection.swift in Sources */,
				85F5C2131F248558007F0E8C /* BaseContentManager.swift in Sources */,
				8563C8181F32D6DB006FFE13 /* MomentCommentManager.swift in Sources */,
				8502C5DD1F37E611001117D0 /* VoteForQuestion.swift in Sources */,
				857197F11F28688000D3C4FC /* SlideTableHeaderDelegate.swift in Sources */,
				859B5F4B1F0615AE009A8762 /* GoogleLocation.swift in Sources */,
				85F058D51F0260D5008808CE /* ComposeContentManager.swift in Sources */,
				85F5C2091F245A3D007F0E8C /* QuestionOptionBar.swift in Sources */,
				8582A6461EFE326000483CDD /* ReusableNavBarItemView.swift in Sources */,
				8549F0CF1EFBBF5D00385F1E /* RattitErrorExtensions.swift in Sources */,
				85F5C2071F2412F9007F0E8C /* UIImageViewExtensions.swift in Sources */,
				85E349661F2EFC2500E1CED8 /* AnswerDetailsViewController.swift in Sources */,
				85023FAC1EF76D4700E785FD /* StringExtensions.swift in Sources */,
				8582A6551F0088BA00483CDD /* DevicePhotoCollectionViewCell.swift in Sources */,
				855EBEEE1F2D7FED00E6797F /* ReusablePlaceHolderTextView.swift in Sources */,
				8549F0C81EFB844B00385F1E /* DateExtensions.swift in Sources */,
			);
			runOnlyForDeploymentPostprocessing = 0;
		};
		8538513F1EF4FBF600A8B2B5 /* Sources */ = {
			isa = PBXSourcesBuildPhase;
			buildActionMask = 2147483647;
			files = (
				853851481EF4FBF600A8B2B5 /* RattitTests.swift in Sources */,
			);
			runOnlyForDeploymentPostprocessing = 0;
		};
/* End PBXSourcesBuildPhase section */

/* Begin PBXTargetDependency section */
		853851451EF4FBF600A8B2B5 /* PBXTargetDependency */ = {
			isa = PBXTargetDependency;
			target = 8538512B1EF4FBF600A8B2B5 /* Rattit */;
			targetProxy = 853851441EF4FBF600A8B2B5 /* PBXContainerItemProxy */;
		};
/* End PBXTargetDependency section */

/* Begin PBXVariantGroup section */
		852C396A1EF5D75B00C66C16 /* LaunchScreen.storyboard */ = {
			isa = PBXVariantGroup;
			children = (
				852C396B1EF5D75B00C66C16 /* Base */,
			);
			name = LaunchScreen.storyboard;
			sourceTree = "<group>";
		};
		852C396C1EF5D75B00C66C16 /* Main.storyboard */ = {
			isa = PBXVariantGroup;
			children = (
				852C396D1EF5D75B00C66C16 /* Base */,
			);
			name = Main.storyboard;
			sourceTree = "<group>";
		};
		852C396F1EF5D81A00C66C16 /* SignIn.storyboard */ = {
			isa = PBXVariantGroup;
			children = (
				852C39701EF5D81A00C66C16 /* Base */,
			);
			name = SignIn.storyboard;
			sourceTree = "<group>";
		};
		8595649B1EF64C2C000D0BC8 /* ContentFlow.storyboard */ = {
			isa = PBXVariantGroup;
			children = (
				8595649C1EF64C2C000D0BC8 /* Base */,
			);
			name = ContentFlow.storyboard;
			sourceTree = "<group>";
		};
		8595649E1EF64C5E000D0BC8 /* Search.storyboard */ = {
			isa = PBXVariantGroup;
			children = (
				8595649F1EF64C5E000D0BC8 /* Base */,
			);
			name = Search.storyboard;
			sourceTree = "<group>";
		};
		859564A11EF64CB2000D0BC8 /* Love.storyboard */ = {
			isa = PBXVariantGroup;
			children = (
				859564A21EF64CB2000D0BC8 /* Base */,
			);
			name = Love.storyboard;
			sourceTree = "<group>";
		};
		859564A41EF64CC7000D0BC8 /* Fly.storyboard */ = {
			isa = PBXVariantGroup;
			children = (
				859564A51EF64CC7000D0BC8 /* Base */,
			);
			name = Fly.storyboard;
			sourceTree = "<group>";
		};
/* End PBXVariantGroup section */

/* Begin XCBuildConfiguration section */
		8538514A1EF4FBF600A8B2B5 /* Debug */ = {
			isa = XCBuildConfiguration;
			buildSettings = {
				ALWAYS_SEARCH_USER_PATHS = NO;
				CLANG_ANALYZER_NONNULL = YES;
				CLANG_ANALYZER_NUMBER_OBJECT_CONVERSION = YES_AGGRESSIVE;
				CLANG_CXX_LANGUAGE_STANDARD = "gnu++0x";
				CLANG_CXX_LIBRARY = "libc++";
				CLANG_ENABLE_MODULES = YES;
				CLANG_ENABLE_OBJC_ARC = YES;
				CLANG_WARN_BOOL_CONVERSION = YES;
				CLANG_WARN_CONSTANT_CONVERSION = YES;
				CLANG_WARN_DIRECT_OBJC_ISA_USAGE = YES_ERROR;
				CLANG_WARN_DOCUMENTATION_COMMENTS = YES;
				CLANG_WARN_EMPTY_BODY = YES;
				CLANG_WARN_ENUM_CONVERSION = YES;
				CLANG_WARN_INFINITE_RECURSION = YES;
				CLANG_WARN_INT_CONVERSION = YES;
				CLANG_WARN_OBJC_ROOT_CLASS = YES_ERROR;
				CLANG_WARN_SUSPICIOUS_MOVE = YES;
				CLANG_WARN_UNREACHABLE_CODE = YES;
				CLANG_WARN__DUPLICATE_METHOD_MATCH = YES;
				"CODE_SIGN_IDENTITY[sdk=iphoneos*]" = "iPhone Developer";
				COPY_PHASE_STRIP = NO;
				DEBUG_INFORMATION_FORMAT = dwarf;
				ENABLE_STRICT_OBJC_MSGSEND = YES;
				ENABLE_TESTABILITY = YES;
				GCC_C_LANGUAGE_STANDARD = gnu99;
				GCC_DYNAMIC_NO_PIC = NO;
				GCC_NO_COMMON_BLOCKS = YES;
				GCC_OPTIMIZATION_LEVEL = 0;
				GCC_PREPROCESSOR_DEFINITIONS = (
					"DEBUG=1",
					"$(inherited)",
				);
				GCC_WARN_64_TO_32_BIT_CONVERSION = YES;
				GCC_WARN_ABOUT_RETURN_TYPE = YES_ERROR;
				GCC_WARN_UNDECLARED_SELECTOR = YES;
				GCC_WARN_UNINITIALIZED_AUTOS = YES_AGGRESSIVE;
				GCC_WARN_UNUSED_FUNCTION = YES;
				GCC_WARN_UNUSED_VARIABLE = YES;
				IPHONEOS_DEPLOYMENT_TARGET = 10.3;
				MTL_ENABLE_DEBUG_INFO = YES;
				ONLY_ACTIVE_ARCH = YES;
				SDKROOT = iphoneos;
				SWIFT_ACTIVE_COMPILATION_CONDITIONS = DEBUG;
				SWIFT_OPTIMIZATION_LEVEL = "-Onone";
				TARGETED_DEVICE_FAMILY = "1,2";
			};
			name = Debug;
		};
		8538514B1EF4FBF600A8B2B5 /* Release */ = {
			isa = XCBuildConfiguration;
			buildSettings = {
				ALWAYS_SEARCH_USER_PATHS = NO;
				CLANG_ANALYZER_NONNULL = YES;
				CLANG_ANALYZER_NUMBER_OBJECT_CONVERSION = YES_AGGRESSIVE;
				CLANG_CXX_LANGUAGE_STANDARD = "gnu++0x";
				CLANG_CXX_LIBRARY = "libc++";
				CLANG_ENABLE_MODULES = YES;
				CLANG_ENABLE_OBJC_ARC = YES;
				CLANG_WARN_BOOL_CONVERSION = YES;
				CLANG_WARN_CONSTANT_CONVERSION = YES;
				CLANG_WARN_DIRECT_OBJC_ISA_USAGE = YES_ERROR;
				CLANG_WARN_DOCUMENTATION_COMMENTS = YES;
				CLANG_WARN_EMPTY_BODY = YES;
				CLANG_WARN_ENUM_CONVERSION = YES;
				CLANG_WARN_INFINITE_RECURSION = YES;
				CLANG_WARN_INT_CONVERSION = YES;
				CLANG_WARN_OBJC_ROOT_CLASS = YES_ERROR;
				CLANG_WARN_SUSPICIOUS_MOVE = YES;
				CLANG_WARN_UNREACHABLE_CODE = YES;
				CLANG_WARN__DUPLICATE_METHOD_MATCH = YES;
				"CODE_SIGN_IDENTITY[sdk=iphoneos*]" = "iPhone Developer";
				COPY_PHASE_STRIP = NO;
				DEBUG_INFORMATION_FORMAT = "dwarf-with-dsym";
				ENABLE_NS_ASSERTIONS = NO;
				ENABLE_STRICT_OBJC_MSGSEND = YES;
				GCC_C_LANGUAGE_STANDARD = gnu99;
				GCC_NO_COMMON_BLOCKS = YES;
				GCC_WARN_64_TO_32_BIT_CONVERSION = YES;
				GCC_WARN_ABOUT_RETURN_TYPE = YES_ERROR;
				GCC_WARN_UNDECLARED_SELECTOR = YES;
				GCC_WARN_UNINITIALIZED_AUTOS = YES_AGGRESSIVE;
				GCC_WARN_UNUSED_FUNCTION = YES;
				GCC_WARN_UNUSED_VARIABLE = YES;
				IPHONEOS_DEPLOYMENT_TARGET = 10.3;
				MTL_ENABLE_DEBUG_INFO = NO;
				SDKROOT = iphoneos;
				SWIFT_OPTIMIZATION_LEVEL = "-Owholemodule";
				TARGETED_DEVICE_FAMILY = "1,2";
				VALIDATE_PRODUCT = YES;
			};
			name = Release;
		};
		8538514D1EF4FBF600A8B2B5 /* Debug */ = {
			isa = XCBuildConfiguration;
			baseConfigurationReference = 2D1FF0439B7E2EA215D472D2 /* Pods-Rattit.debug.xcconfig */;
			buildSettings = {
				ASSETCATALOG_COMPILER_APPICON_NAME = AppIcon;
				"CODE_SIGN_IDENTITY[sdk=iphoneos*]" = "iPhone Developer";
				CODE_SIGN_STYLE = Automatic;
				DEVELOPMENT_TEAM = XYNA997C9P;
				INFOPLIST_FILE = Rattit/Info.plist;
				LD_RUNPATH_SEARCH_PATHS = "$(inherited) @executable_path/Frameworks";
				PRODUCT_BUNDLE_IDENTIFIER = com.KaileDing.Rattit;
				PRODUCT_NAME = "$(TARGET_NAME)";
				PROVISIONING_PROFILE_SPECIFIER = "";
				SWIFT_VERSION = 3.0;
			};
			name = Debug;
		};
		8538514E1EF4FBF600A8B2B5 /* Release */ = {
			isa = XCBuildConfiguration;
			baseConfigurationReference = E121460B4EF7B5D2D894C3F5 /* Pods-Rattit.release.xcconfig */;
			buildSettings = {
				ASSETCATALOG_COMPILER_APPICON_NAME = AppIcon;
				"CODE_SIGN_IDENTITY[sdk=iphoneos*]" = "iPhone Developer";
				CODE_SIGN_STYLE = Automatic;
				DEVELOPMENT_TEAM = XYNA997C9P;
				INFOPLIST_FILE = Rattit/Info.plist;
				LD_RUNPATH_SEARCH_PATHS = "$(inherited) @executable_path/Frameworks";
				PRODUCT_BUNDLE_IDENTIFIER = com.KaileDing.Rattit;
				PRODUCT_NAME = "$(TARGET_NAME)";
				PROVISIONING_PROFILE_SPECIFIER = "";
				SWIFT_VERSION = 3.0;
			};
			name = Release;
		};
		853851501EF4FBF600A8B2B5 /* Debug */ = {
			isa = XCBuildConfiguration;
			baseConfigurationReference = A7FD9D66EAB2321515655810 /* Pods-RattitTests.debug.xcconfig */;
			buildSettings = {
				ALWAYS_EMBED_SWIFT_STANDARD_LIBRARIES = YES;
				BUNDLE_LOADER = "$(TEST_HOST)";
				DEVELOPMENT_TEAM = XYNA997C9P;
				INFOPLIST_FILE = RattitTests/Info.plist;
				LD_RUNPATH_SEARCH_PATHS = "$(inherited) @executable_path/Frameworks @loader_path/Frameworks";
				PRODUCT_BUNDLE_IDENTIFIER = com.KaileDing.RattitTests;
				PRODUCT_NAME = "$(TARGET_NAME)";
				SWIFT_VERSION = 3.0;
				TEST_HOST = "$(BUILT_PRODUCTS_DIR)/Rattit.app/Rattit";
			};
			name = Debug;
		};
		853851511EF4FBF600A8B2B5 /* Release */ = {
			isa = XCBuildConfiguration;
			baseConfigurationReference = E5603CFEC7D4EDC5CDD41111 /* Pods-RattitTests.release.xcconfig */;
			buildSettings = {
				ALWAYS_EMBED_SWIFT_STANDARD_LIBRARIES = YES;
				BUNDLE_LOADER = "$(TEST_HOST)";
				DEVELOPMENT_TEAM = XYNA997C9P;
				INFOPLIST_FILE = RattitTests/Info.plist;
				LD_RUNPATH_SEARCH_PATHS = "$(inherited) @executable_path/Frameworks @loader_path/Frameworks";
				PRODUCT_BUNDLE_IDENTIFIER = com.KaileDing.RattitTests;
				PRODUCT_NAME = "$(TARGET_NAME)";
				SWIFT_VERSION = 3.0;
				TEST_HOST = "$(BUILT_PRODUCTS_DIR)/Rattit.app/Rattit";
			};
			name = Release;
		};
/* End XCBuildConfiguration section */

/* Begin XCConfigurationList section */
		853851271EF4FBF500A8B2B5 /* Build configuration list for PBXProject "Rattit" */ = {
			isa = XCConfigurationList;
			buildConfigurations = (
				8538514A1EF4FBF600A8B2B5 /* Debug */,
				8538514B1EF4FBF600A8B2B5 /* Release */,
			);
			defaultConfigurationIsVisible = 0;
			defaultConfigurationName = Release;
		};
		8538514C1EF4FBF600A8B2B5 /* Build configuration list for PBXNativeTarget "Rattit" */ = {
			isa = XCConfigurationList;
			buildConfigurations = (
				8538514D1EF4FBF600A8B2B5 /* Debug */,
				8538514E1EF4FBF600A8B2B5 /* Release */,
			);
			defaultConfigurationIsVisible = 0;
			defaultConfigurationName = Release;
		};
		8538514F1EF4FBF600A8B2B5 /* Build configuration list for PBXNativeTarget "RattitTests" */ = {
			isa = XCConfigurationList;
			buildConfigurations = (
				853851501EF4FBF600A8B2B5 /* Debug */,
				853851511EF4FBF600A8B2B5 /* Release */,
			);
			defaultConfigurationIsVisible = 0;
			defaultConfigurationName = Release;
		};
/* End XCConfigurationList section */

/* Begin XCVersionGroup section */
		853851361EF4FBF600A8B2B5 /* Rattit.xcdatamodeld */ = {
			isa = XCVersionGroup;
			children = (
				853851371EF4FBF600A8B2B5 /* Rattit.xcdatamodel */,
			);
			currentVersion = 853851371EF4FBF600A8B2B5 /* Rattit.xcdatamodel */;
			path = Rattit.xcdatamodeld;
			sourceTree = "<group>";
			versionGroupType = wrapper.xcdatamodel;
		};
/* End XCVersionGroup section */
	};
	rootObject = 853851241EF4FBF500A8B2B5 /* Project object */;
}
